// !$*UTF8*$!
{
	archiveVersion = 1;
	classes = {
	};
	objectVersion = 46;
	objects = {

/* Begin PBXBuildFile section */
		44043A4D1E30AEE500074BD1 /* ShareSDK.framework in Frameworks */ = {isa = PBXBuildFile; fileRef = 44043A211E30AEE500074BD1 /* ShareSDK.framework */; };
		44043A4E1E30AEE500074BD1 /* ShareSDKExtension.framework in Frameworks */ = {isa = PBXBuildFile; fileRef = 44043A241E30AEE500074BD1 /* ShareSDKExtension.framework */; };
		44043A4F1E30AEE600074BD1 /* ShareSDKUI.bundle in Resources */ = {isa = PBXBuildFile; fileRef = 44043A251E30AEE500074BD1 /* ShareSDKUI.bundle */; };
		44043A501E30AEE600074BD1 /* ShareSDKUI.framework in Frameworks */ = {isa = PBXBuildFile; fileRef = 44043A261E30AEE500074BD1 /* ShareSDKUI.framework */; };
		44043A511E30AEE600074BD1 /* QQConnector.framework in Frameworks */ = {isa = PBXBuildFile; fileRef = 44043A281E30AEE500074BD1 /* QQConnector.framework */; };
		44043A521E30AEE600074BD1 /* SinaWeiboConnector.framework in Frameworks */ = {isa = PBXBuildFile; fileRef = 44043A291E30AEE500074BD1 /* SinaWeiboConnector.framework */; };
		44043A531E30AEE600074BD1 /* WechatConnector.framework in Frameworks */ = {isa = PBXBuildFile; fileRef = 44043A2A1E30AEE500074BD1 /* WechatConnector.framework */; };
		44043A561E30AEE600074BD1 /* libWeiboSDK.a in Frameworks */ = {isa = PBXBuildFile; fileRef = 44043A341E30AEE500074BD1 /* libWeiboSDK.a */; };
		44043A571E30AEE600074BD1 /* WeiboSDK.bundle in Resources */ = {isa = PBXBuildFile; fileRef = 44043A3E1E30AEE500074BD1 /* WeiboSDK.bundle */; };
		44043A581E30AEE600074BD1 /* libWeChatSDK.a in Frameworks */ = {isa = PBXBuildFile; fileRef = 44043A421E30AEE500074BD1 /* libWeChatSDK.a */; };
		44043A591E30AEE600074BD1 /* read_me.txt in Resources */ = {isa = PBXBuildFile; fileRef = 44043A431E30AEE500074BD1 /* read_me.txt */; };
		44043A5A1E30AEE600074BD1 /* README.txt in Resources */ = {isa = PBXBuildFile; fileRef = 44043A441E30AEE500074BD1 /* README.txt */; };
		44043A5C1E30AEE600074BD1 /* ShareSDK.bundle in Resources */ = {isa = PBXBuildFile; fileRef = 44043A4B1E30AEE500074BD1 /* ShareSDK.bundle */; };
		44043A5D1E30AEE600074BD1 /* ShareSDKConnector.framework in Frameworks */ = {isa = PBXBuildFile; fileRef = 44043A4C1E30AEE500074BD1 /* ShareSDKConnector.framework */; };
		44043A611E30BB5200074BD1 /* JavaScriptCore.framework in Frameworks */ = {isa = PBXBuildFile; fileRef = 44043A601E30BB5200074BD1 /* JavaScriptCore.framework */; };
		44043A631E30BB5B00074BD1 /* ImageIO.framework in Frameworks */ = {isa = PBXBuildFile; fileRef = 44043A621E30BB5B00074BD1 /* ImageIO.framework */; };
		44043A651E30BB6900074BD1 /* libsqlite3.tbd in Frameworks */ = {isa = PBXBuildFile; fileRef = 44043A641E30BB6900074BD1 /* libsqlite3.tbd */; };
		442469601E4C186000721E13 /* sp01@2x.png in Resources */ = {isa = PBXBuildFile; fileRef = 4424694E1E4C186000721E13 /* sp01@2x.png */; };
		442469611E4C186000721E13 /* sp01@3x.png in Resources */ = {isa = PBXBuildFile; fileRef = 4424694F1E4C186000721E13 /* sp01@3x.png */; };
		442469621E4C186000721E13 /* sp02@2x.png in Resources */ = {isa = PBXBuildFile; fileRef = 442469501E4C186000721E13 /* sp02@2x.png */; };
		442469631E4C186000721E13 /* sp02@3x.png in Resources */ = {isa = PBXBuildFile; fileRef = 442469511E4C186000721E13 /* sp02@3x.png */; };
		442469641E4C186000721E13 /* sp03@2x.png in Resources */ = {isa = PBXBuildFile; fileRef = 442469521E4C186000721E13 /* sp03@2x.png */; };
		442469651E4C186000721E13 /* sp03@3x.png in Resources */ = {isa = PBXBuildFile; fileRef = 442469531E4C186000721E13 /* sp03@3x.png */; };
		442469661E4C186000721E13 /* sp04@2x.png in Resources */ = {isa = PBXBuildFile; fileRef = 442469541E4C186000721E13 /* sp04@2x.png */; };
		442469671E4C186000721E13 /* sp04@3x.png in Resources */ = {isa = PBXBuildFile; fileRef = 442469551E4C186000721E13 /* sp04@3x.png */; };
		442469681E4C186000721E13 /* sp05@2x.png in Resources */ = {isa = PBXBuildFile; fileRef = 442469561E4C186000721E13 /* sp05@2x.png */; };
		442469691E4C186000721E13 /* sp05@3x.png in Resources */ = {isa = PBXBuildFile; fileRef = 442469571E4C186000721E13 /* sp05@3x.png */; };
		4424696A1E4C186000721E13 /* sp06@2x.png in Resources */ = {isa = PBXBuildFile; fileRef = 442469581E4C186000721E13 /* sp06@2x.png */; };
		4424696B1E4C186000721E13 /* sp06@3x.png in Resources */ = {isa = PBXBuildFile; fileRef = 442469591E4C186000721E13 /* sp06@3x.png */; };
		4424696C1E4C186000721E13 /* sp07@2x.png in Resources */ = {isa = PBXBuildFile; fileRef = 4424695A1E4C186000721E13 /* sp07@2x.png */; };
		4424696D1E4C186000721E13 /* sp07@3x.png in Resources */ = {isa = PBXBuildFile; fileRef = 4424695B1E4C186000721E13 /* sp07@3x.png */; };
		4424696E1E4C186000721E13 /* sp08@2x.png in Resources */ = {isa = PBXBuildFile; fileRef = 4424695C1E4C186000721E13 /* sp08@2x.png */; };
		4424696F1E4C186000721E13 /* sp08@3x.png in Resources */ = {isa = PBXBuildFile; fileRef = 4424695D1E4C186000721E13 /* sp08@3x.png */; };
		442469701E4C186000721E13 /* sp09@2x.png in Resources */ = {isa = PBXBuildFile; fileRef = 4424695E1E4C186000721E13 /* sp09@2x.png */; };
		442469711E4C186000721E13 /* sp09@3x.png in Resources */ = {isa = PBXBuildFile; fileRef = 4424695F1E4C186000721E13 /* sp09@3x.png */; };
		442469781E4C18DD00721E13 /* spxg01@2x.png in Resources */ = {isa = PBXBuildFile; fileRef = 442469761E4C18DD00721E13 /* spxg01@2x.png */; };
		442469791E4C18DD00721E13 /* spxg01@3x.png in Resources */ = {isa = PBXBuildFile; fileRef = 442469771E4C18DD00721E13 /* spxg01@3x.png */; };
		4424697C1E4C190D00721E13 /* spxg03@2x.png in Resources */ = {isa = PBXBuildFile; fileRef = 4424697A1E4C190D00721E13 /* spxg03@2x.png */; };
		4424697D1E4C190D00721E13 /* spxg03@3x.png in Resources */ = {isa = PBXBuildFile; fileRef = 4424697B1E4C190D00721E13 /* spxg03@3x.png */; };
		442469801E4C191400721E13 /* spxg04@2x.png in Resources */ = {isa = PBXBuildFile; fileRef = 4424697E1E4C191400721E13 /* spxg04@2x.png */; };
		442469811E4C191400721E13 /* spxg04@3x.png in Resources */ = {isa = PBXBuildFile; fileRef = 4424697F1E4C191400721E13 /* spxg04@3x.png */; };
		442469861E4C214700721E13 /* dsxg02@2x.png in Resources */ = {isa = PBXBuildFile; fileRef = 442469821E4C214700721E13 /* dsxg02@2x.png */; };
		442469871E4C214700721E13 /* dsxg02@3x.png in Resources */ = {isa = PBXBuildFile; fileRef = 442469831E4C214700721E13 /* dsxg02@3x.png */; };
		442469881E4C214700721E13 /* dsxg03@2x.png in Resources */ = {isa = PBXBuildFile; fileRef = 442469841E4C214700721E13 /* dsxg03@2x.png */; };
		442469891E4C214700721E13 /* dsxg03@3x.png in Resources */ = {isa = PBXBuildFile; fileRef = 442469851E4C214700721E13 /* dsxg03@3x.png */; };
		4424698D1E4C55DE00721E13 /* hongbao_wxtj.png in Resources */ = {isa = PBXBuildFile; fileRef = 4424698A1E4C55DE00721E13 /* hongbao_wxtj.png */; };
		4424698E1E4C55DE00721E13 /* jipiao_wxtj.png in Resources */ = {isa = PBXBuildFile; fileRef = 4424698B1E4C55DE00721E13 /* jipiao_wxtj.png */; };
		442469951E4DA8FD00721E13 /* moblink_wxtj.png in Resources */ = {isa = PBXBuildFile; fileRef = 442469941E4DA8FD00721E13 /* moblink_wxtj.png */; };
		44619E5F1E2A087E00D456FA /* RightImageButton.m in Sources */ = {isa = PBXBuildFile; fileRef = 44619E5E1E2A087E00D456FA /* RightImageButton.m */; };
		4484AB6B1E46D2280098E37D /* xwxg03@2x.png in Resources */ = {isa = PBXBuildFile; fileRef = 4484AB691E46D2280098E37D /* xwxg03@2x.png */; };
		4484AB6C1E46D2280098E37D /* xwxg03@3x.png in Resources */ = {isa = PBXBuildFile; fileRef = 4484AB6A1E46D2280098E37D /* xwxg03@3x.png */; };
		448884D51E9F588D0006A492 /* MobLink.framework in Frameworks */ = {isa = PBXBuildFile; fileRef = 448884D41E9F588D0006A492 /* MobLink.framework */; };
		4494430D1E25E76C00064C11 /* main.m in Sources */ = {isa = PBXBuildFile; fileRef = 4494430C1E25E76C00064C11 /* main.m */; };
		449443101E25E76C00064C11 /* AppDelegate.m in Sources */ = {isa = PBXBuildFile; fileRef = 4494430F1E25E76C00064C11 /* AppDelegate.m */; };
		449443181E25E76C00064C11 /* Assets.xcassets in Resources */ = {isa = PBXBuildFile; fileRef = 449443171E25E76C00064C11 /* Assets.xcassets */; };
		449443351E25EAEB00064C11 /* PopListTableViewController.m in Sources */ = {isa = PBXBuildFile; fileRef = 449443341E25EAEB00064C11 /* PopListTableViewController.m */; };
		449443381E25EB0300064C11 /* CustomButton.m in Sources */ = {isa = PBXBuildFile; fileRef = 449443371E25EB0300064C11 /* CustomButton.m */; };
		449443491E262DF900064C11 /* libicucore.tbd in Frameworks */ = {isa = PBXBuildFile; fileRef = 449443481E262DF900064C11 /* libicucore.tbd */; };
		4494434B1E262E0300064C11 /* libz.1.2.5.tbd in Frameworks */ = {isa = PBXBuildFile; fileRef = 4494434A1E262E0300064C11 /* libz.1.2.5.tbd */; };
		4494434D1E262E0B00064C11 /* libstdc++.tbd in Frameworks */ = {isa = PBXBuildFile; fileRef = 4494434C1E262E0B00064C11 /* libstdc++.tbd */; };
		449E70E01E54284F0034DB32 /* MLDMainViewController.m in Sources */ = {isa = PBXBuildFile; fileRef = 449E70DF1E54284F0034DB32 /* MLDMainViewController.m */; };
		449E70E31E5429E70034DB32 /* MLDTool.m in Sources */ = {isa = PBXBuildFile; fileRef = 449E70E21E5429E70034DB32 /* MLDTool.m */; };
		449E70E71E542BB50034DB32 /* UILabel+MLDLabel.m in Sources */ = {isa = PBXBuildFile; fileRef = 449E70E61E542BB50034DB32 /* UILabel+MLDLabel.m */; };
		449E70EA1E542C3D0034DB32 /* UIViewController+MLDBackItemHandler.m in Sources */ = {isa = PBXBuildFile; fileRef = 449E70E91E542C3D0034DB32 /* UIViewController+MLDBackItemHandler.m */; };
		449E70ED1E542E950034DB32 /* MLDAlertView.m in Sources */ = {isa = PBXBuildFile; fileRef = 449E70EC1E542E950034DB32 /* MLDAlertView.m */; };
		449E70F01E543C670034DB32 /* MLDSceneViewController.m in Sources */ = {isa = PBXBuildFile; fileRef = 449E70EF1E543C670034DB32 /* MLDSceneViewController.m */; };
		449E70F31E543CEB0034DB32 /* MLDNewsTableViewController.m in Sources */ = {isa = PBXBuildFile; fileRef = 449E70F21E543CEB0034DB32 /* MLDNewsTableViewController.m */; };
		449E70F61E543DFA0034DB32 /* MLDNewsTableViewCell.m in Sources */ = {isa = PBXBuildFile; fileRef = 449E70F51E543DFA0034DB32 /* MLDNewsTableViewCell.m */; };
		449E70F91E543F050034DB32 /* MLDNewsDetailTableViewController.m in Sources */ = {isa = PBXBuildFile; fileRef = 449E70F81E543F050034DB32 /* MLDNewsDetailTableViewController.m */; };
		449E70FC1E5440410034DB32 /* MLDNewsDetailTableViewCell.m in Sources */ = {isa = PBXBuildFile; fileRef = 449E70FB1E5440410034DB32 /* MLDNewsDetailTableViewCell.m */; };
		449E70FF1E5441000034DB32 /* MLDShoppingCollectionViewController.m in Sources */ = {isa = PBXBuildFile; fileRef = 449E70FE1E5441000034DB32 /* MLDShoppingCollectionViewController.m */; };
		449E71051E5441D40034DB32 /* MLDShoppingCollectionViewCell.m in Sources */ = {isa = PBXBuildFile; fileRef = 449E71041E5441D40034DB32 /* MLDShoppingCollectionViewCell.m */; };
		449E71081E5443010034DB32 /* MLDShoppingDetailTableViewController.m in Sources */ = {isa = PBXBuildFile; fileRef = 449E71071E5443010034DB32 /* MLDShoppingDetailTableViewController.m */; };
		449E710B1E5443420034DB32 /* MLDShoppingDetailTableViewCell.m in Sources */ = {isa = PBXBuildFile; fileRef = 449E710A1E5443420034DB32 /* MLDShoppingDetailTableViewCell.m */; };
		449E710E1E5444C60034DB32 /* MLDVideoCollectionViewCell.m in Sources */ = {isa = PBXBuildFile; fileRef = 449E710D1E5444C60034DB32 /* MLDVideoCollectionViewCell.m */; };
		449E71111E54452A0034DB32 /* MLDVideoCollectionViewController.m in Sources */ = {isa = PBXBuildFile; fileRef = 449E71101E54452A0034DB32 /* MLDVideoCollectionViewController.m */; };
		449E71141E5446A90034DB32 /* MLDVideoDetailTableViewController.m in Sources */ = {isa = PBXBuildFile; fileRef = 449E71131E5446A90034DB32 /* MLDVideoDetailTableViewController.m */; };
		449E71171E5446BD0034DB32 /* MLDVideoDetailTableViewCell.m in Sources */ = {isa = PBXBuildFile; fileRef = 449E71161E5446BD0034DB32 /* MLDVideoDetailTableViewCell.m */; };
		449E711A1E5449C60034DB32 /* MLDParamsViewController.m in Sources */ = {isa = PBXBuildFile; fileRef = 449E71191E5449C60034DB32 /* MLDParamsViewController.m */; };
		449E711D1E544BE50034DB32 /* MLDTicketViewController.m in Sources */ = {isa = PBXBuildFile; fileRef = 449E711C1E544BE50034DB32 /* MLDTicketViewController.m */; };
		449E71201E544C8C0034DB32 /* MLDTicketDetailTableViewController.m in Sources */ = {isa = PBXBuildFile; fileRef = 449E711F1E544C8C0034DB32 /* MLDTicketDetailTableViewController.m */; };
		449E71251E544DDA0034DB32 /* MLDTicketDetailTableViewCell.m in Sources */ = {isa = PBXBuildFile; fileRef = 449E71241E544DDA0034DB32 /* MLDTicketDetailTableViewCell.m */; };
		449E71281E544EA30034DB32 /* MLDInviteViewController.m in Sources */ = {isa = PBXBuildFile; fileRef = 449E71271E544EA30034DB32 /* MLDInviteViewController.m */; };
		449E712B1E544EFC0034DB32 /* MLDInviteSuccessViewController.m in Sources */ = {isa = PBXBuildFile; fileRef = 449E712A1E544EFC0034DB32 /* MLDInviteSuccessViewController.m */; };
		449E712E1E54501F0034DB32 /* MLDDemoViewController.m in Sources */ = {isa = PBXBuildFile; fileRef = 449E712D1E54501F0034DB32 /* MLDDemoViewController.m */; };
		449E71311E5450BD0034DB32 /* MLDDemoRestoreAViewController.m in Sources */ = {isa = PBXBuildFile; fileRef = 449E71301E5450BD0034DB32 /* MLDDemoRestoreAViewController.m */; };
		449E71341E5451280034DB32 /* MLDDemoRestoreBViewController.m in Sources */ = {isa = PBXBuildFile; fileRef = 449E71331E5451280034DB32 /* MLDDemoRestoreBViewController.m */; };
		449E71371E5451680034DB32 /* MLDDemoRestoreCViewController.m in Sources */ = {isa = PBXBuildFile; fileRef = 449E71361E5451680034DB32 /* MLDDemoRestoreCViewController.m */; };
		449E713A1E5451A70034DB32 /* MLDDemoRestoreDViewController.m in Sources */ = {isa = PBXBuildFile; fileRef = 449E71391E5451A70034DB32 /* MLDDemoRestoreDViewController.m */; };
		44B984AD1E570635006B9437 /* TencentOpenAPI.framework in Frameworks */ = {isa = PBXBuildFile; fileRef = 44B984AB1E570635006B9437 /* TencentOpenAPI.framework */; };
		44B984AE1E570635006B9437 /* TencentOpenApi_IOS_Bundle.bundle in Resources */ = {isa = PBXBuildFile; fileRef = 44B984AC1E570635006B9437 /* TencentOpenApi_IOS_Bundle.bundle */; };
		44CD521C1E822C1B00F478EF /* MOBFoundation.framework in Frameworks */ = {isa = PBXBuildFile; fileRef = 44CD521A1E822C1B00F478EF /* MOBFoundation.framework */; };
		44D6BF731E35AC4200CCEFB5 /* xw01@2x.png in Resources */ = {isa = PBXBuildFile; fileRef = 44D6BF611E35AC4200CCEFB5 /* xw01@2x.png */; };
		44D6BF741E35AC4200CCEFB5 /* xw01@3x.png in Resources */ = {isa = PBXBuildFile; fileRef = 44D6BF621E35AC4200CCEFB5 /* xw01@3x.png */; };
		44D6BF751E35AC4200CCEFB5 /* xw02@2x.png in Resources */ = {isa = PBXBuildFile; fileRef = 44D6BF631E35AC4200CCEFB5 /* xw02@2x.png */; };
		44D6BF761E35AC4200CCEFB5 /* xw02@3x.png in Resources */ = {isa = PBXBuildFile; fileRef = 44D6BF641E35AC4200CCEFB5 /* xw02@3x.png */; };
		44D6BF771E35AC4200CCEFB5 /* xw03@2x.png in Resources */ = {isa = PBXBuildFile; fileRef = 44D6BF651E35AC4200CCEFB5 /* xw03@2x.png */; };
		44D6BF781E35AC4200CCEFB5 /* xw03@3x.png in Resources */ = {isa = PBXBuildFile; fileRef = 44D6BF661E35AC4200CCEFB5 /* xw03@3x.png */; };
		44D6BF791E35AC4200CCEFB5 /* xw04@2x.png in Resources */ = {isa = PBXBuildFile; fileRef = 44D6BF671E35AC4200CCEFB5 /* xw04@2x.png */; };
		44D6BF7A1E35AC4200CCEFB5 /* xw04@3x.png in Resources */ = {isa = PBXBuildFile; fileRef = 44D6BF681E35AC4200CCEFB5 /* xw04@3x.png */; };
		44D6BF7B1E35AC4200CCEFB5 /* xw05@2x.png in Resources */ = {isa = PBXBuildFile; fileRef = 44D6BF691E35AC4200CCEFB5 /* xw05@2x.png */; };
		44D6BF7C1E35AC4200CCEFB5 /* xw05@3x.png in Resources */ = {isa = PBXBuildFile; fileRef = 44D6BF6A1E35AC4200CCEFB5 /* xw05@3x.png */; };
		44D6BF7D1E35AC4200CCEFB5 /* xw06@2x.png in Resources */ = {isa = PBXBuildFile; fileRef = 44D6BF6B1E35AC4200CCEFB5 /* xw06@2x.png */; };
		44D6BF7E1E35AC4200CCEFB5 /* xw06@3x.png in Resources */ = {isa = PBXBuildFile; fileRef = 44D6BF6C1E35AC4200CCEFB5 /* xw06@3x.png */; };
		44D6BF7F1E35AC4200CCEFB5 /* xw07@2x.png in Resources */ = {isa = PBXBuildFile; fileRef = 44D6BF6D1E35AC4200CCEFB5 /* xw07@2x.png */; };
		44D6BF801E35AC4200CCEFB5 /* xw07@3x.png in Resources */ = {isa = PBXBuildFile; fileRef = 44D6BF6E1E35AC4200CCEFB5 /* xw07@3x.png */; };
		44D6BF811E35AC4200CCEFB5 /* xwxg@2x.png in Resources */ = {isa = PBXBuildFile; fileRef = 44D6BF6F1E35AC4200CCEFB5 /* xwxg@2x.png */; };
		44D6BF821E35AC4200CCEFB5 /* xwxg@3x.png in Resources */ = {isa = PBXBuildFile; fileRef = 44D6BF701E35AC4200CCEFB5 /* xwxg@3x.png */; };
		44D6BF831E35AC4200CCEFB5 /* xwxg02@2x.png in Resources */ = {isa = PBXBuildFile; fileRef = 44D6BF711E35AC4200CCEFB5 /* xwxg02@2x.png */; };
		44D6BF841E35AC4200CCEFB5 /* xwxg02@3x.png in Resources */ = {isa = PBXBuildFile; fileRef = 44D6BF721E35AC4200CCEFB5 /* xwxg02@3x.png */; };
		44D6BFB61E35AC7100CCEFB5 /* spxg02@2x.png in Resources */ = {isa = PBXBuildFile; fileRef = 44D6BF9A1E35AC7100CCEFB5 /* spxg02@2x.png */; };
		44D6BFB71E35AC7100CCEFB5 /* spxg02@3x.png in Resources */ = {isa = PBXBuildFile; fileRef = 44D6BF9B1E35AC7100CCEFB5 /* spxg02@3x.png */; };
		44D6BFD51E35AE1700CCEFB5 /* ds01@2x.png in Resources */ = {isa = PBXBuildFile; fileRef = 44D6BFBF1E35AE1700CCEFB5 /* ds01@2x.png */; };
		44D6BFD61E35AE1700CCEFB5 /* ds01@3x.png in Resources */ = {isa = PBXBuildFile; fileRef = 44D6BFC01E35AE1700CCEFB5 /* ds01@3x.png */; };
		44D6BFD71E35AE1700CCEFB5 /* ds02@2x.png in Resources */ = {isa = PBXBuildFile; fileRef = 44D6BFC11E35AE1700CCEFB5 /* ds02@2x.png */; };
		44D6BFD81E35AE1700CCEFB5 /* ds02@3x.png in Resources */ = {isa = PBXBuildFile; fileRef = 44D6BFC21E35AE1700CCEFB5 /* ds02@3x.png */; };
		44D6BFD91E35AE1700CCEFB5 /* ds03@2x.png in Resources */ = {isa = PBXBuildFile; fileRef = 44D6BFC31E35AE1700CCEFB5 /* ds03@2x.png */; };
		44D6BFDA1E35AE1700CCEFB5 /* ds03@3x.png in Resources */ = {isa = PBXBuildFile; fileRef = 44D6BFC41E35AE1700CCEFB5 /* ds03@3x.png */; };
		44D6BFDB1E35AE1700CCEFB5 /* ds04@2x.png in Resources */ = {isa = PBXBuildFile; fileRef = 44D6BFC51E35AE1700CCEFB5 /* ds04@2x.png */; };
		44D6BFDC1E35AE1700CCEFB5 /* ds04@3x.png in Resources */ = {isa = PBXBuildFile; fileRef = 44D6BFC61E35AE1700CCEFB5 /* ds04@3x.png */; };
		44D6BFDD1E35AE1700CCEFB5 /* ds05@2x.png in Resources */ = {isa = PBXBuildFile; fileRef = 44D6BFC71E35AE1700CCEFB5 /* ds05@2x.png */; };
		44D6BFDE1E35AE1700CCEFB5 /* ds05@3x.png in Resources */ = {isa = PBXBuildFile; fileRef = 44D6BFC81E35AE1700CCEFB5 /* ds05@3x.png */; };
		44D6BFDF1E35AE1700CCEFB5 /* ds06@2x.png in Resources */ = {isa = PBXBuildFile; fileRef = 44D6BFC91E35AE1700CCEFB5 /* ds06@2x.png */; };
		44D6BFE01E35AE1700CCEFB5 /* ds06@3x.png in Resources */ = {isa = PBXBuildFile; fileRef = 44D6BFCA1E35AE1700CCEFB5 /* ds06@3x.png */; };
		44D6BFE11E35AE1700CCEFB5 /* ds07@2x.png in Resources */ = {isa = PBXBuildFile; fileRef = 44D6BFCB1E35AE1700CCEFB5 /* ds07@2x.png */; };
		44D6BFE21E35AE1700CCEFB5 /* ds07@3x.png in Resources */ = {isa = PBXBuildFile; fileRef = 44D6BFCC1E35AE1700CCEFB5 /* ds07@3x.png */; };
		44D6BFE31E35AE1700CCEFB5 /* ds08@2x.png in Resources */ = {isa = PBXBuildFile; fileRef = 44D6BFCD1E35AE1700CCEFB5 /* ds08@2x.png */; };
		44D6BFE41E35AE1700CCEFB5 /* ds08@3x.png in Resources */ = {isa = PBXBuildFile; fileRef = 44D6BFCE1E35AE1700CCEFB5 /* ds08@3x.png */; };
		44D6BFE51E35AE1700CCEFB5 /* ds09@2x.png in Resources */ = {isa = PBXBuildFile; fileRef = 44D6BFCF1E35AE1700CCEFB5 /* ds09@2x.png */; };
		44D6BFE61E35AE1700CCEFB5 /* ds09@3x.png in Resources */ = {isa = PBXBuildFile; fileRef = 44D6BFD01E35AE1700CCEFB5 /* ds09@3x.png */; };
		44D6BFE71E35AE1700CCEFB5 /* dsxg01@2x.png in Resources */ = {isa = PBXBuildFile; fileRef = 44D6BFD11E35AE1700CCEFB5 /* dsxg01@2x.png */; };
		44D6BFE81E35AE1700CCEFB5 /* dsxg01@3x.png in Resources */ = {isa = PBXBuildFile; fileRef = 44D6BFD21E35AE1700CCEFB5 /* dsxg01@3x.png */; };
		44D6BFEC1E35B67100CCEFB5 /* ProductsRelated.plist in Resources */ = {isa = PBXBuildFile; fileRef = 44D6BFEB1E35B67100CCEFB5 /* ProductsRelated.plist */; };
		44D6BFEE1E35B92900CCEFB5 /* VideosRelated.plist in Resources */ = {isa = PBXBuildFile; fileRef = 44D6BFED1E35B92900CCEFB5 /* VideosRelated.plist */; };
		44D6BFF31E35BDCA00CCEFB5 /* NewsList.plist in Resources */ = {isa = PBXBuildFile; fileRef = 44D6BFF11E35BDCA00CCEFB5 /* NewsList.plist */; };
		44D6BFF41E35BDCA00CCEFB5 /* NewsRelated.plist in Resources */ = {isa = PBXBuildFile; fileRef = 44D6BFF21E35BDCA00CCEFB5 /* NewsRelated.plist */; };
		44D6BFF81E35BDDE00CCEFB5 /* Products.plist in Resources */ = {isa = PBXBuildFile; fileRef = 44D6BFF51E35BDDE00CCEFB5 /* Products.plist */; };
		44D6BFF91E35BDDE00CCEFB5 /* Tickets.plist in Resources */ = {isa = PBXBuildFile; fileRef = 44D6BFF61E35BDDE00CCEFB5 /* Tickets.plist */; };
		44D6BFFA1E35BDDE00CCEFB5 /* Videos.plist in Resources */ = {isa = PBXBuildFile; fileRef = 44D6BFF71E35BDDE00CCEFB5 /* Videos.plist */; };
		44D6C0291E36141700CCEFB5 /* MediaPlayer.framework in Frameworks */ = {isa = PBXBuildFile; fileRef = 44D6C0281E36141700CCEFB5 /* MediaPlayer.framework */; };
/* End PBXBuildFile section */

/* Begin PBXFileReference section */
		44043A211E30AEE500074BD1 /* ShareSDK.framework */ = {isa = PBXFileReference; lastKnownFileType = wrapper.framework; path = ShareSDK.framework; sourceTree = "<group>"; };
		44043A241E30AEE500074BD1 /* ShareSDKExtension.framework */ = {isa = PBXFileReference; lastKnownFileType = wrapper.framework; path = ShareSDKExtension.framework; sourceTree = "<group>"; };
		44043A251E30AEE500074BD1 /* ShareSDKUI.bundle */ = {isa = PBXFileReference; lastKnownFileType = "wrapper.plug-in"; path = ShareSDKUI.bundle; sourceTree = "<group>"; };
		44043A261E30AEE500074BD1 /* ShareSDKUI.framework */ = {isa = PBXFileReference; lastKnownFileType = wrapper.framework; path = ShareSDKUI.framework; sourceTree = "<group>"; };
		44043A281E30AEE500074BD1 /* QQConnector.framework */ = {isa = PBXFileReference; lastKnownFileType = wrapper.framework; path = QQConnector.framework; sourceTree = "<group>"; };
		44043A291E30AEE500074BD1 /* SinaWeiboConnector.framework */ = {isa = PBXFileReference; lastKnownFileType = wrapper.framework; path = SinaWeiboConnector.framework; sourceTree = "<group>"; };
		44043A2A1E30AEE500074BD1 /* WechatConnector.framework */ = {isa = PBXFileReference; lastKnownFileType = wrapper.framework; path = WechatConnector.framework; sourceTree = "<group>"; };
		44043A341E30AEE500074BD1 /* libWeiboSDK.a */ = {isa = PBXFileReference; lastKnownFileType = archive.ar; path = libWeiboSDK.a; sourceTree = "<group>"; };
		44043A351E30AEE500074BD1 /* WBHttpRequest+WeiboGame.h */ = {isa = PBXFileReference; fileEncoding = 4; lastKnownFileType = sourcecode.c.h; path = "WBHttpRequest+WeiboGame.h"; sourceTree = "<group>"; };
		44043A361E30AEE500074BD1 /* WBHttpRequest+WeiboShare.h */ = {isa = PBXFileReference; fileEncoding = 4; lastKnownFileType = sourcecode.c.h; path = "WBHttpRequest+WeiboShare.h"; sourceTree = "<group>"; };
		44043A371E30AEE500074BD1 /* WBHttpRequest+WeiboToken.h */ = {isa = PBXFileReference; fileEncoding = 4; lastKnownFileType = sourcecode.c.h; path = "WBHttpRequest+WeiboToken.h"; sourceTree = "<group>"; };
		44043A381E30AEE500074BD1 /* WBHttpRequest+WeiboUser.h */ = {isa = PBXFileReference; fileEncoding = 4; lastKnownFileType = sourcecode.c.h; path = "WBHttpRequest+WeiboUser.h"; sourceTree = "<group>"; };
		44043A391E30AEE500074BD1 /* WBHttpRequest.h */ = {isa = PBXFileReference; fileEncoding = 4; lastKnownFileType = sourcecode.c.h; path = WBHttpRequest.h; sourceTree = "<group>"; };
		44043A3A1E30AEE500074BD1 /* WBSDKBasicButton.h */ = {isa = PBXFileReference; fileEncoding = 4; lastKnownFileType = sourcecode.c.h; path = WBSDKBasicButton.h; sourceTree = "<group>"; };
		44043A3B1E30AEE500074BD1 /* WBSDKCommentButton.h */ = {isa = PBXFileReference; fileEncoding = 4; lastKnownFileType = sourcecode.c.h; path = WBSDKCommentButton.h; sourceTree = "<group>"; };
		44043A3C1E30AEE500074BD1 /* WBSDKRelationshipButton.h */ = {isa = PBXFileReference; fileEncoding = 4; lastKnownFileType = sourcecode.c.h; path = WBSDKRelationshipButton.h; sourceTree = "<group>"; };
		44043A3D1E30AEE500074BD1 /* WeiboSDK+Statistics.h */ = {isa = PBXFileReference; fileEncoding = 4; lastKnownFileType = sourcecode.c.h; path = "WeiboSDK+Statistics.h"; sourceTree = "<group>"; };
		44043A3E1E30AEE500074BD1 /* WeiboSDK.bundle */ = {isa = PBXFileReference; lastKnownFileType = "wrapper.plug-in"; path = WeiboSDK.bundle; sourceTree = "<group>"; };
		44043A3F1E30AEE500074BD1 /* WeiboSDK.h */ = {isa = PBXFileReference; fileEncoding = 4; lastKnownFileType = sourcecode.c.h; path = WeiboSDK.h; sourceTree = "<group>"; };
		44043A401E30AEE500074BD1 /* WeiboUser.h */ = {isa = PBXFileReference; fileEncoding = 4; lastKnownFileType = sourcecode.c.h; path = WeiboUser.h; sourceTree = "<group>"; };
		44043A421E30AEE500074BD1 /* libWeChatSDK.a */ = {isa = PBXFileReference; lastKnownFileType = archive.ar; path = libWeChatSDK.a; sourceTree = "<group>"; };
		44043A431E30AEE500074BD1 /* read_me.txt */ = {isa = PBXFileReference; fileEncoding = 4; lastKnownFileType = text; path = read_me.txt; sourceTree = "<group>"; };
		44043A441E30AEE500074BD1 /* README.txt */ = {isa = PBXFileReference; fileEncoding = 4; lastKnownFileType = text; path = README.txt; sourceTree = "<group>"; };
		44043A451E30AEE500074BD1 /* WechatAuthSDK.h */ = {isa = PBXFileReference; fileEncoding = 4; lastKnownFileType = sourcecode.c.h; path = WechatAuthSDK.h; sourceTree = "<group>"; };
		44043A461E30AEE500074BD1 /* WXApi.h */ = {isa = PBXFileReference; fileEncoding = 4; lastKnownFileType = sourcecode.c.h; path = WXApi.h; sourceTree = "<group>"; };
		44043A471E30AEE500074BD1 /* WXApiObject.h */ = {isa = PBXFileReference; fileEncoding = 4; lastKnownFileType = sourcecode.c.h; path = WXApiObject.h; sourceTree = "<group>"; };
		44043A4A1E30AEE500074BD1 /* MOBFoundation.framework */ = {isa = PBXFileReference; lastKnownFileType = wrapper.framework; path = MOBFoundation.framework; sourceTree = "<group>"; };
		44043A4B1E30AEE500074BD1 /* ShareSDK.bundle */ = {isa = PBXFileReference; lastKnownFileType = "wrapper.plug-in"; path = ShareSDK.bundle; sourceTree = "<group>"; };
		44043A4C1E30AEE500074BD1 /* ShareSDKConnector.framework */ = {isa = PBXFileReference; lastKnownFileType = wrapper.framework; path = ShareSDKConnector.framework; sourceTree = "<group>"; };
		44043A601E30BB5200074BD1 /* JavaScriptCore.framework */ = {isa = PBXFileReference; lastKnownFileType = wrapper.framework; name = JavaScriptCore.framework; path = System/Library/Frameworks/JavaScriptCore.framework; sourceTree = SDKROOT; };
		44043A621E30BB5B00074BD1 /* ImageIO.framework */ = {isa = PBXFileReference; lastKnownFileType = wrapper.framework; name = ImageIO.framework; path = System/Library/Frameworks/ImageIO.framework; sourceTree = SDKROOT; };
		44043A641E30BB6900074BD1 /* libsqlite3.tbd */ = {isa = PBXFileReference; lastKnownFileType = "sourcecode.text-based-dylib-definition"; name = libsqlite3.tbd; path = usr/lib/libsqlite3.tbd; sourceTree = SDKROOT; };
		4424694E1E4C186000721E13 /* sp01@2x.png */ = {isa = PBXFileReference; lastKnownFileType = image.png; path = "sp01@2x.png"; sourceTree = "<group>"; };
		4424694F1E4C186000721E13 /* sp01@3x.png */ = {isa = PBXFileReference; lastKnownFileType = image.png; path = "sp01@3x.png"; sourceTree = "<group>"; };
		442469501E4C186000721E13 /* sp02@2x.png */ = {isa = PBXFileReference; lastKnownFileType = image.png; path = "sp02@2x.png"; sourceTree = "<group>"; };
		442469511E4C186000721E13 /* sp02@3x.png */ = {isa = PBXFileReference; lastKnownFileType = image.png; path = "sp02@3x.png"; sourceTree = "<group>"; };
		442469521E4C186000721E13 /* sp03@2x.png */ = {isa = PBXFileReference; lastKnownFileType = image.png; path = "sp03@2x.png"; sourceTree = "<group>"; };
		442469531E4C186000721E13 /* sp03@3x.png */ = {isa = PBXFileReference; lastKnownFileType = image.png; path = "sp03@3x.png"; sourceTree = "<group>"; };
		442469541E4C186000721E13 /* sp04@2x.png */ = {isa = PBXFileReference; lastKnownFileType = image.png; path = "sp04@2x.png"; sourceTree = "<group>"; };
		442469551E4C186000721E13 /* sp04@3x.png */ = {isa = PBXFileReference; lastKnownFileType = image.png; path = "sp04@3x.png"; sourceTree = "<group>"; };
		442469561E4C186000721E13 /* sp05@2x.png */ = {isa = PBXFileReference; lastKnownFileType = image.png; path = "sp05@2x.png"; sourceTree = "<group>"; };
		442469571E4C186000721E13 /* sp05@3x.png */ = {isa = PBXFileReference; lastKnownFileType = image.png; path = "sp05@3x.png"; sourceTree = "<group>"; };
		442469581E4C186000721E13 /* sp06@2x.png */ = {isa = PBXFileReference; lastKnownFileType = image.png; path = "sp06@2x.png"; sourceTree = "<group>"; };
		442469591E4C186000721E13 /* sp06@3x.png */ = {isa = PBXFileReference; lastKnownFileType = image.png; path = "sp06@3x.png"; sourceTree = "<group>"; };
		4424695A1E4C186000721E13 /* sp07@2x.png */ = {isa = PBXFileReference; lastKnownFileType = image.png; path = "sp07@2x.png"; sourceTree = "<group>"; };
		4424695B1E4C186000721E13 /* sp07@3x.png */ = {isa = PBXFileReference; lastKnownFileType = image.png; path = "sp07@3x.png"; sourceTree = "<group>"; };
		4424695C1E4C186000721E13 /* sp08@2x.png */ = {isa = PBXFileReference; lastKnownFileType = image.png; path = "sp08@2x.png"; sourceTree = "<group>"; };
		4424695D1E4C186000721E13 /* sp08@3x.png */ = {isa = PBXFileReference; lastKnownFileType = image.png; path = "sp08@3x.png"; sourceTree = "<group>"; };
		4424695E1E4C186000721E13 /* sp09@2x.png */ = {isa = PBXFileReference; lastKnownFileType = image.png; path = "sp09@2x.png"; sourceTree = "<group>"; };
		4424695F1E4C186000721E13 /* sp09@3x.png */ = {isa = PBXFileReference; lastKnownFileType = image.png; path = "sp09@3x.png"; sourceTree = "<group>"; };
		442469761E4C18DD00721E13 /* spxg01@2x.png */ = {isa = PBXFileReference; lastKnownFileType = image.png; path = "spxg01@2x.png"; sourceTree = "<group>"; };
		442469771E4C18DD00721E13 /* spxg01@3x.png */ = {isa = PBXFileReference; lastKnownFileType = image.png; path = "spxg01@3x.png"; sourceTree = "<group>"; };
		4424697A1E4C190D00721E13 /* spxg03@2x.png */ = {isa = PBXFileReference; lastKnownFileType = image.png; path = "spxg03@2x.png"; sourceTree = "<group>"; };
		4424697B1E4C190D00721E13 /* spxg03@3x.png */ = {isa = PBXFileReference; lastKnownFileType = image.png; path = "spxg03@3x.png"; sourceTree = "<group>"; };
		4424697E1E4C191400721E13 /* spxg04@2x.png */ = {isa = PBXFileReference; lastKnownFileType = image.png; path = "spxg04@2x.png"; sourceTree = "<group>"; };
		4424697F1E4C191400721E13 /* spxg04@3x.png */ = {isa = PBXFileReference; lastKnownFileType = image.png; path = "spxg04@3x.png"; sourceTree = "<group>"; };
		442469821E4C214700721E13 /* dsxg02@2x.png */ = {isa = PBXFileReference; lastKnownFileType = image.png; path = "dsxg02@2x.png"; sourceTree = "<group>"; };
		442469831E4C214700721E13 /* dsxg02@3x.png */ = {isa = PBXFileReference; lastKnownFileType = image.png; path = "dsxg02@3x.png"; sourceTree = "<group>"; };
		442469841E4C214700721E13 /* dsxg03@2x.png */ = {isa = PBXFileReference; lastKnownFileType = image.png; path = "dsxg03@2x.png"; sourceTree = "<group>"; };
		442469851E4C214700721E13 /* dsxg03@3x.png */ = {isa = PBXFileReference; lastKnownFileType = image.png; path = "dsxg03@3x.png"; sourceTree = "<group>"; };
		4424698A1E4C55DE00721E13 /* hongbao_wxtj.png */ = {isa = PBXFileReference; lastKnownFileType = image.png; path = hongbao_wxtj.png; sourceTree = "<group>"; };
		4424698B1E4C55DE00721E13 /* jipiao_wxtj.png */ = {isa = PBXFileReference; lastKnownFileType = image.png; path = jipiao_wxtj.png; sourceTree = "<group>"; };
		442469941E4DA8FD00721E13 /* moblink_wxtj.png */ = {isa = PBXFileReference; lastKnownFileType = image.png; path = moblink_wxtj.png; sourceTree = "<group>"; };
		44619E5D1E2A087E00D456FA /* RightImageButton.h */ = {isa = PBXFileReference; fileEncoding = 4; lastKnownFileType = sourcecode.c.h; path = RightImageButton.h; sourceTree = "<group>"; };
		44619E5E1E2A087E00D456FA /* RightImageButton.m */ = {isa = PBXFileReference; fileEncoding = 4; lastKnownFileType = sourcecode.c.objc; path = RightImageButton.m; sourceTree = "<group>"; };
		44619E651E2A494700D456FA /* MobLinkDemo.entitlements */ = {isa = PBXFileReference; lastKnownFileType = text.plist.entitlements; path = MobLinkDemo.entitlements; sourceTree = "<group>"; };
		4484AB691E46D2280098E37D /* xwxg03@2x.png */ = {isa = PBXFileReference; lastKnownFileType = image.png; path = "xwxg03@2x.png"; sourceTree = "<group>"; };
		4484AB6A1E46D2280098E37D /* xwxg03@3x.png */ = {isa = PBXFileReference; lastKnownFileType = image.png; path = "xwxg03@3x.png"; sourceTree = "<group>"; };
		448884D41E9F588D0006A492 /* MobLink.framework */ = {isa = PBXFileReference; lastKnownFileType = wrapper.framework; path = MobLink.framework; sourceTree = "<group>"; };
		449443081E25E76C00064C11 /* MobLinkDemo.app */ = {isa = PBXFileReference; explicitFileType = wrapper.application; includeInIndex = 0; path = MobLinkDemo.app; sourceTree = BUILT_PRODUCTS_DIR; };
		4494430C1E25E76C00064C11 /* main.m */ = {isa = PBXFileReference; lastKnownFileType = sourcecode.c.objc; path = main.m; sourceTree = "<group>"; };
		4494430E1E25E76C00064C11 /* AppDelegate.h */ = {isa = PBXFileReference; lastKnownFileType = sourcecode.c.h; path = AppDelegate.h; sourceTree = "<group>"; };
		4494430F1E25E76C00064C11 /* AppDelegate.m */ = {isa = PBXFileReference; lastKnownFileType = sourcecode.c.objc; path = AppDelegate.m; sourceTree = "<group>"; };
		449443171E25E76C00064C11 /* Assets.xcassets */ = {isa = PBXFileReference; lastKnownFileType = folder.assetcatalog; path = Assets.xcassets; sourceTree = "<group>"; };
		4494431C1E25E76C00064C11 /* Info.plist */ = {isa = PBXFileReference; lastKnownFileType = text.plist.xml; path = Info.plist; sourceTree = "<group>"; };
		449443331E25EAEB00064C11 /* PopListTableViewController.h */ = {isa = PBXFileReference; fileEncoding = 4; lastKnownFileType = sourcecode.c.h; path = PopListTableViewController.h; sourceTree = "<group>"; };
		449443341E25EAEB00064C11 /* PopListTableViewController.m */ = {isa = PBXFileReference; fileEncoding = 4; lastKnownFileType = sourcecode.c.objc; path = PopListTableViewController.m; sourceTree = "<group>"; };
		449443361E25EB0300064C11 /* CustomButton.h */ = {isa = PBXFileReference; fileEncoding = 4; lastKnownFileType = sourcecode.c.h; path = CustomButton.h; sourceTree = "<group>"; };
		449443371E25EB0300064C11 /* CustomButton.m */ = {isa = PBXFileReference; fileEncoding = 4; lastKnownFileType = sourcecode.c.objc; path = CustomButton.m; sourceTree = "<group>"; };
		4494433E1E260C5B00064C11 /* PrefixHeader.pch */ = {isa = PBXFileReference; fileEncoding = 4; lastKnownFileType = sourcecode.c.h; path = PrefixHeader.pch; sourceTree = "<group>"; };
		449443481E262DF900064C11 /* libicucore.tbd */ = {isa = PBXFileReference; lastKnownFileType = "sourcecode.text-based-dylib-definition"; name = libicucore.tbd; path = usr/lib/libicucore.tbd; sourceTree = SDKROOT; };
		4494434A1E262E0300064C11 /* libz.1.2.5.tbd */ = {isa = PBXFileReference; lastKnownFileType = "sourcecode.text-based-dylib-definition"; name = libz.1.2.5.tbd; path = usr/lib/libz.1.2.5.tbd; sourceTree = SDKROOT; };
		4494434C1E262E0B00064C11 /* libstdc++.tbd */ = {isa = PBXFileReference; lastKnownFileType = "sourcecode.text-based-dylib-definition"; name = "libstdc++.tbd"; path = "usr/lib/libstdc++.tbd"; sourceTree = SDKROOT; };
		4494434E1E262E1200064C11 /* CoreTelephony.framework */ = {isa = PBXFileReference; lastKnownFileType = wrapper.framework; name = CoreTelephony.framework; path = System/Library/Frameworks/CoreTelephony.framework; sourceTree = SDKROOT; };
		449443501E262E1C00064C11 /* SystemConfiguration.framework */ = {isa = PBXFileReference; lastKnownFileType = wrapper.framework; name = SystemConfiguration.framework; path = System/Library/Frameworks/SystemConfiguration.framework; sourceTree = SDKROOT; };
		449E70DE1E54284F0034DB32 /* MLDMainViewController.h */ = {isa = PBXFileReference; fileEncoding = 4; lastKnownFileType = sourcecode.c.h; path = MLDMainViewController.h; sourceTree = "<group>"; };
		449E70DF1E54284F0034DB32 /* MLDMainViewController.m */ = {isa = PBXFileReference; fileEncoding = 4; lastKnownFileType = sourcecode.c.objc; path = MLDMainViewController.m; sourceTree = "<group>"; };
		449E70E11E5429E70034DB32 /* MLDTool.h */ = {isa = PBXFileReference; fileEncoding = 4; lastKnownFileType = sourcecode.c.h; path = MLDTool.h; sourceTree = "<group>"; };
		449E70E21E5429E70034DB32 /* MLDTool.m */ = {isa = PBXFileReference; fileEncoding = 4; lastKnownFileType = sourcecode.c.objc; path = MLDTool.m; sourceTree = "<group>"; };
		449E70E51E542BB50034DB32 /* UILabel+MLDLabel.h */ = {isa = PBXFileReference; fileEncoding = 4; lastKnownFileType = sourcecode.c.h; path = "UILabel+MLDLabel.h"; sourceTree = "<group>"; };
		449E70E61E542BB50034DB32 /* UILabel+MLDLabel.m */ = {isa = PBXFileReference; fileEncoding = 4; lastKnownFileType = sourcecode.c.objc; path = "UILabel+MLDLabel.m"; sourceTree = "<group>"; };
		449E70E81E542C3D0034DB32 /* UIViewController+MLDBackItemHandler.h */ = {isa = PBXFileReference; fileEncoding = 4; lastKnownFileType = sourcecode.c.h; path = "UIViewController+MLDBackItemHandler.h"; sourceTree = "<group>"; };
		449E70E91E542C3D0034DB32 /* UIViewController+MLDBackItemHandler.m */ = {isa = PBXFileReference; fileEncoding = 4; lastKnownFileType = sourcecode.c.objc; path = "UIViewController+MLDBackItemHandler.m"; sourceTree = "<group>"; };
		449E70EB1E542E950034DB32 /* MLDAlertView.h */ = {isa = PBXFileReference; fileEncoding = 4; lastKnownFileType = sourcecode.c.h; path = MLDAlertView.h; sourceTree = "<group>"; };
		449E70EC1E542E950034DB32 /* MLDAlertView.m */ = {isa = PBXFileReference; fileEncoding = 4; lastKnownFileType = sourcecode.c.objc; path = MLDAlertView.m; sourceTree = "<group>"; };
		449E70EE1E543C670034DB32 /* MLDSceneViewController.h */ = {isa = PBXFileReference; fileEncoding = 4; lastKnownFileType = sourcecode.c.h; path = MLDSceneViewController.h; sourceTree = "<group>"; };
		449E70EF1E543C670034DB32 /* MLDSceneViewController.m */ = {isa = PBXFileReference; fileEncoding = 4; lastKnownFileType = sourcecode.c.objc; path = MLDSceneViewController.m; sourceTree = "<group>"; };
		449E70F11E543CEB0034DB32 /* MLDNewsTableViewController.h */ = {isa = PBXFileReference; fileEncoding = 4; lastKnownFileType = sourcecode.c.h; path = MLDNewsTableViewController.h; sourceTree = "<group>"; };
		449E70F21E543CEB0034DB32 /* MLDNewsTableViewController.m */ = {isa = PBXFileReference; fileEncoding = 4; lastKnownFileType = sourcecode.c.objc; path = MLDNewsTableViewController.m; sourceTree = "<group>"; };
		449E70F41E543DFA0034DB32 /* MLDNewsTableViewCell.h */ = {isa = PBXFileReference; fileEncoding = 4; lastKnownFileType = sourcecode.c.h; path = MLDNewsTableViewCell.h; sourceTree = "<group>"; };
		449E70F51E543DFA0034DB32 /* MLDNewsTableViewCell.m */ = {isa = PBXFileReference; fileEncoding = 4; lastKnownFileType = sourcecode.c.objc; path = MLDNewsTableViewCell.m; sourceTree = "<group>"; };
		449E70F71E543F050034DB32 /* MLDNewsDetailTableViewController.h */ = {isa = PBXFileReference; fileEncoding = 4; lastKnownFileType = sourcecode.c.h; path = MLDNewsDetailTableViewController.h; sourceTree = "<group>"; };
		449E70F81E543F050034DB32 /* MLDNewsDetailTableViewController.m */ = {isa = PBXFileReference; fileEncoding = 4; lastKnownFileType = sourcecode.c.objc; path = MLDNewsDetailTableViewController.m; sourceTree = "<group>"; };
		449E70FA1E5440410034DB32 /* MLDNewsDetailTableViewCell.h */ = {isa = PBXFileReference; fileEncoding = 4; lastKnownFileType = sourcecode.c.h; path = MLDNewsDetailTableViewCell.h; sourceTree = "<group>"; };
		449E70FB1E5440410034DB32 /* MLDNewsDetailTableViewCell.m */ = {isa = PBXFileReference; fileEncoding = 4; lastKnownFileType = sourcecode.c.objc; path = MLDNewsDetailTableViewCell.m; sourceTree = "<group>"; };
		449E70FD1E5441000034DB32 /* MLDShoppingCollectionViewController.h */ = {isa = PBXFileReference; fileEncoding = 4; lastKnownFileType = sourcecode.c.h; path = MLDShoppingCollectionViewController.h; sourceTree = "<group>"; };
		449E70FE1E5441000034DB32 /* MLDShoppingCollectionViewController.m */ = {isa = PBXFileReference; fileEncoding = 4; lastKnownFileType = sourcecode.c.objc; path = MLDShoppingCollectionViewController.m; sourceTree = "<group>"; };
		449E71031E5441D40034DB32 /* MLDShoppingCollectionViewCell.h */ = {isa = PBXFileReference; fileEncoding = 4; lastKnownFileType = sourcecode.c.h; path = MLDShoppingCollectionViewCell.h; sourceTree = "<group>"; };
		449E71041E5441D40034DB32 /* MLDShoppingCollectionViewCell.m */ = {isa = PBXFileReference; fileEncoding = 4; lastKnownFileType = sourcecode.c.objc; path = MLDShoppingCollectionViewCell.m; sourceTree = "<group>"; };
		449E71061E5443010034DB32 /* MLDShoppingDetailTableViewController.h */ = {isa = PBXFileReference; fileEncoding = 4; lastKnownFileType = sourcecode.c.h; path = MLDShoppingDetailTableViewController.h; sourceTree = "<group>"; };
		449E71071E5443010034DB32 /* MLDShoppingDetailTableViewController.m */ = {isa = PBXFileReference; fileEncoding = 4; lastKnownFileType = sourcecode.c.objc; path = MLDShoppingDetailTableViewController.m; sourceTree = "<group>"; };
		449E71091E5443420034DB32 /* MLDShoppingDetailTableViewCell.h */ = {isa = PBXFileReference; fileEncoding = 4; lastKnownFileType = sourcecode.c.h; path = MLDShoppingDetailTableViewCell.h; sourceTree = "<group>"; };
		449E710A1E5443420034DB32 /* MLDShoppingDetailTableViewCell.m */ = {isa = PBXFileReference; fileEncoding = 4; lastKnownFileType = sourcecode.c.objc; path = MLDShoppingDetailTableViewCell.m; sourceTree = "<group>"; };
		449E710C1E5444C60034DB32 /* MLDVideoCollectionViewCell.h */ = {isa = PBXFileReference; fileEncoding = 4; lastKnownFileType = sourcecode.c.h; path = MLDVideoCollectionViewCell.h; sourceTree = "<group>"; };
		449E710D1E5444C60034DB32 /* MLDVideoCollectionViewCell.m */ = {isa = PBXFileReference; fileEncoding = 4; lastKnownFileType = sourcecode.c.objc; path = MLDVideoCollectionViewCell.m; sourceTree = "<group>"; };
		449E710F1E54452A0034DB32 /* MLDVideoCollectionViewController.h */ = {isa = PBXFileReference; fileEncoding = 4; lastKnownFileType = sourcecode.c.h; path = MLDVideoCollectionViewController.h; sourceTree = "<group>"; };
		449E71101E54452A0034DB32 /* MLDVideoCollectionViewController.m */ = {isa = PBXFileReference; fileEncoding = 4; lastKnownFileType = sourcecode.c.objc; path = MLDVideoCollectionViewController.m; sourceTree = "<group>"; };
		449E71121E5446A90034DB32 /* MLDVideoDetailTableViewController.h */ = {isa = PBXFileReference; fileEncoding = 4; lastKnownFileType = sourcecode.c.h; path = MLDVideoDetailTableViewController.h; sourceTree = "<group>"; };
		449E71131E5446A90034DB32 /* MLDVideoDetailTableViewController.m */ = {isa = PBXFileReference; fileEncoding = 4; lastKnownFileType = sourcecode.c.objc; path = MLDVideoDetailTableViewController.m; sourceTree = "<group>"; };
		449E71151E5446BD0034DB32 /* MLDVideoDetailTableViewCell.h */ = {isa = PBXFileReference; fileEncoding = 4; lastKnownFileType = sourcecode.c.h; path = MLDVideoDetailTableViewCell.h; sourceTree = "<group>"; };
		449E71161E5446BD0034DB32 /* MLDVideoDetailTableViewCell.m */ = {isa = PBXFileReference; fileEncoding = 4; lastKnownFileType = sourcecode.c.objc; path = MLDVideoDetailTableViewCell.m; sourceTree = "<group>"; };
		449E71181E5449C60034DB32 /* MLDParamsViewController.h */ = {isa = PBXFileReference; fileEncoding = 4; lastKnownFileType = sourcecode.c.h; path = MLDParamsViewController.h; sourceTree = "<group>"; };
		449E71191E5449C60034DB32 /* MLDParamsViewController.m */ = {isa = PBXFileReference; fileEncoding = 4; lastKnownFileType = sourcecode.c.objc; path = MLDParamsViewController.m; sourceTree = "<group>"; };
		449E711B1E544BE50034DB32 /* MLDTicketViewController.h */ = {isa = PBXFileReference; fileEncoding = 4; lastKnownFileType = sourcecode.c.h; path = MLDTicketViewController.h; sourceTree = "<group>"; };
		449E711C1E544BE50034DB32 /* MLDTicketViewController.m */ = {isa = PBXFileReference; fileEncoding = 4; lastKnownFileType = sourcecode.c.objc; path = MLDTicketViewController.m; sourceTree = "<group>"; };
		449E711E1E544C8C0034DB32 /* MLDTicketDetailTableViewController.h */ = {isa = PBXFileReference; fileEncoding = 4; lastKnownFileType = sourcecode.c.h; path = MLDTicketDetailTableViewController.h; sourceTree = "<group>"; };
		449E711F1E544C8C0034DB32 /* MLDTicketDetailTableViewController.m */ = {isa = PBXFileReference; fileEncoding = 4; lastKnownFileType = sourcecode.c.objc; path = MLDTicketDetailTableViewController.m; sourceTree = "<group>"; };
		449E71231E544DDA0034DB32 /* MLDTicketDetailTableViewCell.h */ = {isa = PBXFileReference; fileEncoding = 4; lastKnownFileType = sourcecode.c.h; path = MLDTicketDetailTableViewCell.h; sourceTree = "<group>"; };
		449E71241E544DDA0034DB32 /* MLDTicketDetailTableViewCell.m */ = {isa = PBXFileReference; fileEncoding = 4; lastKnownFileType = sourcecode.c.objc; path = MLDTicketDetailTableViewCell.m; sourceTree = "<group>"; };
		449E71261E544EA30034DB32 /* MLDInviteViewController.h */ = {isa = PBXFileReference; fileEncoding = 4; lastKnownFileType = sourcecode.c.h; path = MLDInviteViewController.h; sourceTree = "<group>"; };
		449E71271E544EA30034DB32 /* MLDInviteViewController.m */ = {isa = PBXFileReference; fileEncoding = 4; lastKnownFileType = sourcecode.c.objc; path = MLDInviteViewController.m; sourceTree = "<group>"; };
		449E71291E544EFC0034DB32 /* MLDInviteSuccessViewController.h */ = {isa = PBXFileReference; fileEncoding = 4; lastKnownFileType = sourcecode.c.h; path = MLDInviteSuccessViewController.h; sourceTree = "<group>"; };
		449E712A1E544EFC0034DB32 /* MLDInviteSuccessViewController.m */ = {isa = PBXFileReference; fileEncoding = 4; lastKnownFileType = sourcecode.c.objc; path = MLDInviteSuccessViewController.m; sourceTree = "<group>"; };
		449E712C1E54501F0034DB32 /* MLDDemoViewController.h */ = {isa = PBXFileReference; fileEncoding = 4; lastKnownFileType = sourcecode.c.h; path = MLDDemoViewController.h; sourceTree = "<group>"; };
		449E712D1E54501F0034DB32 /* MLDDemoViewController.m */ = {isa = PBXFileReference; fileEncoding = 4; lastKnownFileType = sourcecode.c.objc; path = MLDDemoViewController.m; sourceTree = "<group>"; };
		449E712F1E5450BD0034DB32 /* MLDDemoRestoreAViewController.h */ = {isa = PBXFileReference; fileEncoding = 4; lastKnownFileType = sourcecode.c.h; path = MLDDemoRestoreAViewController.h; sourceTree = "<group>"; };
		449E71301E5450BD0034DB32 /* MLDDemoRestoreAViewController.m */ = {isa = PBXFileReference; fileEncoding = 4; lastKnownFileType = sourcecode.c.objc; path = MLDDemoRestoreAViewController.m; sourceTree = "<group>"; };
		449E71321E5451280034DB32 /* MLDDemoRestoreBViewController.h */ = {isa = PBXFileReference; fileEncoding = 4; lastKnownFileType = sourcecode.c.h; path = MLDDemoRestoreBViewController.h; sourceTree = "<group>"; };
		449E71331E5451280034DB32 /* MLDDemoRestoreBViewController.m */ = {isa = PBXFileReference; fileEncoding = 4; lastKnownFileType = sourcecode.c.objc; path = MLDDemoRestoreBViewController.m; sourceTree = "<group>"; };
		449E71351E5451680034DB32 /* MLDDemoRestoreCViewController.h */ = {isa = PBXFileReference; fileEncoding = 4; lastKnownFileType = sourcecode.c.h; path = MLDDemoRestoreCViewController.h; sourceTree = "<group>"; };
		449E71361E5451680034DB32 /* MLDDemoRestoreCViewController.m */ = {isa = PBXFileReference; fileEncoding = 4; lastKnownFileType = sourcecode.c.objc; path = MLDDemoRestoreCViewController.m; sourceTree = "<group>"; };
		449E71381E5451A70034DB32 /* MLDDemoRestoreDViewController.h */ = {isa = PBXFileReference; fileEncoding = 4; lastKnownFileType = sourcecode.c.h; path = MLDDemoRestoreDViewController.h; sourceTree = "<group>"; };
		449E71391E5451A70034DB32 /* MLDDemoRestoreDViewController.m */ = {isa = PBXFileReference; fileEncoding = 4; lastKnownFileType = sourcecode.c.objc; path = MLDDemoRestoreDViewController.m; sourceTree = "<group>"; };
		44B984AB1E570635006B9437 /* TencentOpenAPI.framework */ = {isa = PBXFileReference; lastKnownFileType = wrapper.framework; path = TencentOpenAPI.framework; sourceTree = "<group>"; };
		44B984AC1E570635006B9437 /* TencentOpenApi_IOS_Bundle.bundle */ = {isa = PBXFileReference; lastKnownFileType = "wrapper.plug-in"; path = TencentOpenApi_IOS_Bundle.bundle; sourceTree = "<group>"; };
		44CD521A1E822C1B00F478EF /* MOBFoundation.framework */ = {isa = PBXFileReference; lastKnownFileType = wrapper.framework; path = MOBFoundation.framework; sourceTree = "<group>"; };
		44D6BF611E35AC4200CCEFB5 /* xw01@2x.png */ = {isa = PBXFileReference; lastKnownFileType = image.png; path = "xw01@2x.png"; sourceTree = "<group>"; };
		44D6BF621E35AC4200CCEFB5 /* xw01@3x.png */ = {isa = PBXFileReference; lastKnownFileType = image.png; path = "xw01@3x.png"; sourceTree = "<group>"; };
		44D6BF631E35AC4200CCEFB5 /* xw02@2x.png */ = {isa = PBXFileReference; lastKnownFileType = image.png; path = "xw02@2x.png"; sourceTree = "<group>"; };
		44D6BF641E35AC4200CCEFB5 /* xw02@3x.png */ = {isa = PBXFileReference; lastKnownFileType = image.png; path = "xw02@3x.png"; sourceTree = "<group>"; };
		44D6BF651E35AC4200CCEFB5 /* xw03@2x.png */ = {isa = PBXFileReference; lastKnownFileType = image.png; path = "xw03@2x.png"; sourceTree = "<group>"; };
		44D6BF661E35AC4200CCEFB5 /* xw03@3x.png */ = {isa = PBXFileReference; lastKnownFileType = image.png; path = "xw03@3x.png"; sourceTree = "<group>"; };
		44D6BF671E35AC4200CCEFB5 /* xw04@2x.png */ = {isa = PBXFileReference; lastKnownFileType = image.png; path = "xw04@2x.png"; sourceTree = "<group>"; };
		44D6BF681E35AC4200CCEFB5 /* xw04@3x.png */ = {isa = PBXFileReference; lastKnownFileType = image.png; path = "xw04@3x.png"; sourceTree = "<group>"; };
		44D6BF691E35AC4200CCEFB5 /* xw05@2x.png */ = {isa = PBXFileReference; lastKnownFileType = image.png; path = "xw05@2x.png"; sourceTree = "<group>"; };
		44D6BF6A1E35AC4200CCEFB5 /* xw05@3x.png */ = {isa = PBXFileReference; lastKnownFileType = image.png; path = "xw05@3x.png"; sourceTree = "<group>"; };
		44D6BF6B1E35AC4200CCEFB5 /* xw06@2x.png */ = {isa = PBXFileReference; lastKnownFileType = image.png; path = "xw06@2x.png"; sourceTree = "<group>"; };
		44D6BF6C1E35AC4200CCEFB5 /* xw06@3x.png */ = {isa = PBXFileReference; lastKnownFileType = image.png; path = "xw06@3x.png"; sourceTree = "<group>"; };
		44D6BF6D1E35AC4200CCEFB5 /* xw07@2x.png */ = {isa = PBXFileReference; lastKnownFileType = image.png; path = "xw07@2x.png"; sourceTree = "<group>"; };
		44D6BF6E1E35AC4200CCEFB5 /* xw07@3x.png */ = {isa = PBXFileReference; lastKnownFileType = image.png; path = "xw07@3x.png"; sourceTree = "<group>"; };
		44D6BF6F1E35AC4200CCEFB5 /* xwxg@2x.png */ = {isa = PBXFileReference; lastKnownFileType = image.png; path = "xwxg@2x.png"; sourceTree = "<group>"; };
		44D6BF701E35AC4200CCEFB5 /* xwxg@3x.png */ = {isa = PBXFileReference; lastKnownFileType = image.png; path = "xwxg@3x.png"; sourceTree = "<group>"; };
		44D6BF711E35AC4200CCEFB5 /* xwxg02@2x.png */ = {isa = PBXFileReference; lastKnownFileType = image.png; path = "xwxg02@2x.png"; sourceTree = "<group>"; };
		44D6BF721E35AC4200CCEFB5 /* xwxg02@3x.png */ = {isa = PBXFileReference; lastKnownFileType = image.png; path = "xwxg02@3x.png"; sourceTree = "<group>"; };
		44D6BF9A1E35AC7100CCEFB5 /* spxg02@2x.png */ = {isa = PBXFileReference; lastKnownFileType = image.png; path = "spxg02@2x.png"; sourceTree = "<group>"; };
		44D6BF9B1E35AC7100CCEFB5 /* spxg02@3x.png */ = {isa = PBXFileReference; lastKnownFileType = image.png; path = "spxg02@3x.png"; sourceTree = "<group>"; };
		44D6BFBF1E35AE1700CCEFB5 /* ds01@2x.png */ = {isa = PBXFileReference; lastKnownFileType = image.png; path = "ds01@2x.png"; sourceTree = "<group>"; };
		44D6BFC01E35AE1700CCEFB5 /* ds01@3x.png */ = {isa = PBXFileReference; lastKnownFileType = image.png; path = "ds01@3x.png"; sourceTree = "<group>"; };
		44D6BFC11E35AE1700CCEFB5 /* ds02@2x.png */ = {isa = PBXFileReference; lastKnownFileType = image.png; path = "ds02@2x.png"; sourceTree = "<group>"; };
		44D6BFC21E35AE1700CCEFB5 /* ds02@3x.png */ = {isa = PBXFileReference; lastKnownFileType = image.png; path = "ds02@3x.png"; sourceTree = "<group>"; };
		44D6BFC31E35AE1700CCEFB5 /* ds03@2x.png */ = {isa = PBXFileReference; lastKnownFileType = image.png; path = "ds03@2x.png"; sourceTree = "<group>"; };
		44D6BFC41E35AE1700CCEFB5 /* ds03@3x.png */ = {isa = PBXFileReference; lastKnownFileType = image.png; path = "ds03@3x.png"; sourceTree = "<group>"; };
		44D6BFC51E35AE1700CCEFB5 /* ds04@2x.png */ = {isa = PBXFileReference; lastKnownFileType = image.png; path = "ds04@2x.png"; sourceTree = "<group>"; };
		44D6BFC61E35AE1700CCEFB5 /* ds04@3x.png */ = {isa = PBXFileReference; lastKnownFileType = image.png; path = "ds04@3x.png"; sourceTree = "<group>"; };
		44D6BFC71E35AE1700CCEFB5 /* ds05@2x.png */ = {isa = PBXFileReference; lastKnownFileType = image.png; path = "ds05@2x.png"; sourceTree = "<group>"; };
		44D6BFC81E35AE1700CCEFB5 /* ds05@3x.png */ = {isa = PBXFileReference; lastKnownFileType = image.png; path = "ds05@3x.png"; sourceTree = "<group>"; };
		44D6BFC91E35AE1700CCEFB5 /* ds06@2x.png */ = {isa = PBXFileReference; lastKnownFileType = image.png; path = "ds06@2x.png"; sourceTree = "<group>"; };
		44D6BFCA1E35AE1700CCEFB5 /* ds06@3x.png */ = {isa = PBXFileReference; lastKnownFileType = image.png; path = "ds06@3x.png"; sourceTree = "<group>"; };
		44D6BFCB1E35AE1700CCEFB5 /* ds07@2x.png */ = {isa = PBXFileReference; lastKnownFileType = image.png; path = "ds07@2x.png"; sourceTree = "<group>"; };
		44D6BFCC1E35AE1700CCEFB5 /* ds07@3x.png */ = {isa = PBXFileReference; lastKnownFileType = image.png; path = "ds07@3x.png"; sourceTree = "<group>"; };
		44D6BFCD1E35AE1700CCEFB5 /* ds08@2x.png */ = {isa = PBXFileReference; lastKnownFileType = image.png; path = "ds08@2x.png"; sourceTree = "<group>"; };
		44D6BFCE1E35AE1700CCEFB5 /* ds08@3x.png */ = {isa = PBXFileReference; lastKnownFileType = image.png; path = "ds08@3x.png"; sourceTree = "<group>"; };
		44D6BFCF1E35AE1700CCEFB5 /* ds09@2x.png */ = {isa = PBXFileReference; lastKnownFileType = image.png; path = "ds09@2x.png"; sourceTree = "<group>"; };
		44D6BFD01E35AE1700CCEFB5 /* ds09@3x.png */ = {isa = PBXFileReference; lastKnownFileType = image.png; path = "ds09@3x.png"; sourceTree = "<group>"; };
		44D6BFD11E35AE1700CCEFB5 /* dsxg01@2x.png */ = {isa = PBXFileReference; lastKnownFileType = image.png; path = "dsxg01@2x.png"; sourceTree = "<group>"; };
		44D6BFD21E35AE1700CCEFB5 /* dsxg01@3x.png */ = {isa = PBXFileReference; lastKnownFileType = image.png; path = "dsxg01@3x.png"; sourceTree = "<group>"; };
		44D6BFEB1E35B67100CCEFB5 /* ProductsRelated.plist */ = {isa = PBXFileReference; fileEncoding = 4; lastKnownFileType = text.plist.xml; path = ProductsRelated.plist; sourceTree = "<group>"; };
		44D6BFED1E35B92900CCEFB5 /* VideosRelated.plist */ = {isa = PBXFileReference; fileEncoding = 4; lastKnownFileType = text.plist.xml; path = VideosRelated.plist; sourceTree = "<group>"; };
		44D6BFF11E35BDCA00CCEFB5 /* NewsList.plist */ = {isa = PBXFileReference; fileEncoding = 4; lastKnownFileType = text.plist.xml; path = NewsList.plist; sourceTree = "<group>"; };
		44D6BFF21E35BDCA00CCEFB5 /* NewsRelated.plist */ = {isa = PBXFileReference; fileEncoding = 4; lastKnownFileType = text.plist.xml; path = NewsRelated.plist; sourceTree = "<group>"; };
		44D6BFF51E35BDDE00CCEFB5 /* Products.plist */ = {isa = PBXFileReference; fileEncoding = 4; lastKnownFileType = text.plist.xml; path = Products.plist; sourceTree = "<group>"; };
		44D6BFF61E35BDDE00CCEFB5 /* Tickets.plist */ = {isa = PBXFileReference; fileEncoding = 4; lastKnownFileType = text.plist.xml; path = Tickets.plist; sourceTree = "<group>"; };
		44D6BFF71E35BDDE00CCEFB5 /* Videos.plist */ = {isa = PBXFileReference; fileEncoding = 4; lastKnownFileType = text.plist.xml; path = Videos.plist; sourceTree = "<group>"; };
		44D6C0281E36141700CCEFB5 /* MediaPlayer.framework */ = {isa = PBXFileReference; lastKnownFileType = wrapper.framework; name = MediaPlayer.framework; path = System/Library/Frameworks/MediaPlayer.framework; sourceTree = SDKROOT; };
/* End PBXFileReference section */

/* Begin PBXFrameworksBuildPhase section */
		449443051E25E76C00064C11 /* Frameworks */ = {
			isa = PBXFrameworksBuildPhase;
			buildActionMask = 2147483647;
			files = (
				44D6C0291E36141700CCEFB5 /* MediaPlayer.framework in Frameworks */,
				44043A611E30BB5200074BD1 /* JavaScriptCore.framework in Frameworks */,
				44043A631E30BB5B00074BD1 /* ImageIO.framework in Frameworks */,
				44043A651E30BB6900074BD1 /* libsqlite3.tbd in Frameworks */,
				4494434B1E262E0300064C11 /* libz.1.2.5.tbd in Frameworks */,
				4494434D1E262E0B00064C11 /* libstdc++.tbd in Frameworks */,
				44CD521C1E822C1B00F478EF /* MOBFoundation.framework in Frameworks */,
				449443491E262DF900064C11 /* libicucore.tbd in Frameworks */,
				44043A5D1E30AEE600074BD1 /* ShareSDKConnector.framework in Frameworks */,
				44043A531E30AEE600074BD1 /* WechatConnector.framework in Frameworks */,
				44043A521E30AEE600074BD1 /* SinaWeiboConnector.framework in Frameworks */,
				44043A501E30AEE600074BD1 /* ShareSDKUI.framework in Frameworks */,
				448884D51E9F588D0006A492 /* MobLink.framework in Frameworks */,
				44043A4E1E30AEE500074BD1 /* ShareSDKExtension.framework in Frameworks */,
				44043A511E30AEE600074BD1 /* QQConnector.framework in Frameworks */,
				44043A581E30AEE600074BD1 /* libWeChatSDK.a in Frameworks */,
				44043A4D1E30AEE500074BD1 /* ShareSDK.framework in Frameworks */,
				44B984AD1E570635006B9437 /* TencentOpenAPI.framework in Frameworks */,
				44043A561E30AEE600074BD1 /* libWeiboSDK.a in Frameworks */,
			);
			runOnlyForDeploymentPostprocessing = 0;
		};
/* End PBXFrameworksBuildPhase section */

/* Begin PBXGroup section */
		44043A201E30AEE500074BD1 /* ShareSDK */ = {
			isa = PBXGroup;
			children = (
				44043A211E30AEE500074BD1 /* ShareSDK.framework */,
				44043A221E30AEE500074BD1 /* Support */,
			);
			path = ShareSDK;
			sourceTree = "<group>";
		};
		44043A221E30AEE500074BD1 /* Support */ = {
			isa = PBXGroup;
			children = (
				44043A231E30AEE500074BD1 /* Optional */,
				44043A271E30AEE500074BD1 /* PlatformConnector */,
				44043A2B1E30AEE500074BD1 /* PlatformSDK */,
				44043A491E30AEE500074BD1 /* Required */,
			);
			path = Support;
			sourceTree = "<group>";
		};
		44043A231E30AEE500074BD1 /* Optional */ = {
			isa = PBXGroup;
			children = (
				44043A241E30AEE500074BD1 /* ShareSDKExtension.framework */,
				44043A251E30AEE500074BD1 /* ShareSDKUI.bundle */,
				44043A261E30AEE500074BD1 /* ShareSDKUI.framework */,
			);
			path = Optional;
			sourceTree = "<group>";
		};
		44043A271E30AEE500074BD1 /* PlatformConnector */ = {
			isa = PBXGroup;
			children = (
				44043A281E30AEE500074BD1 /* QQConnector.framework */,
				44043A291E30AEE500074BD1 /* SinaWeiboConnector.framework */,
				44043A2A1E30AEE500074BD1 /* WechatConnector.framework */,
			);
			path = PlatformConnector;
			sourceTree = "<group>";
		};
		44043A2B1E30AEE500074BD1 /* PlatformSDK */ = {
			isa = PBXGroup;
			children = (
				44B984AA1E570635006B9437 /* QQSDK */,
				44043A331E30AEE500074BD1 /* SinaWeiboSDK */,
				44043A411E30AEE500074BD1 /* WeChatSDK */,
			);
			path = PlatformSDK;
			sourceTree = "<group>";
		};
		44043A331E30AEE500074BD1 /* SinaWeiboSDK */ = {
			isa = PBXGroup;
			children = (
				44043A341E30AEE500074BD1 /* libWeiboSDK.a */,
				44043A351E30AEE500074BD1 /* WBHttpRequest+WeiboGame.h */,
				44043A361E30AEE500074BD1 /* WBHttpRequest+WeiboShare.h */,
				44043A371E30AEE500074BD1 /* WBHttpRequest+WeiboToken.h */,
				44043A381E30AEE500074BD1 /* WBHttpRequest+WeiboUser.h */,
				44043A391E30AEE500074BD1 /* WBHttpRequest.h */,
				44043A3A1E30AEE500074BD1 /* WBSDKBasicButton.h */,
				44043A3B1E30AEE500074BD1 /* WBSDKCommentButton.h */,
				44043A3C1E30AEE500074BD1 /* WBSDKRelationshipButton.h */,
				44043A3D1E30AEE500074BD1 /* WeiboSDK+Statistics.h */,
				44043A3E1E30AEE500074BD1 /* WeiboSDK.bundle */,
				44043A3F1E30AEE500074BD1 /* WeiboSDK.h */,
				44043A401E30AEE500074BD1 /* WeiboUser.h */,
			);
			path = SinaWeiboSDK;
			sourceTree = "<group>";
		};
		44043A411E30AEE500074BD1 /* WeChatSDK */ = {
			isa = PBXGroup;
			children = (
				44043A421E30AEE500074BD1 /* libWeChatSDK.a */,
				44043A431E30AEE500074BD1 /* read_me.txt */,
				44043A441E30AEE500074BD1 /* README.txt */,
				44043A451E30AEE500074BD1 /* WechatAuthSDK.h */,
				44043A461E30AEE500074BD1 /* WXApi.h */,
				44043A471E30AEE500074BD1 /* WXApiObject.h */,
			);
			path = WeChatSDK;
			sourceTree = "<group>";
		};
		44043A491E30AEE500074BD1 /* Required */ = {
			isa = PBXGroup;
			children = (
				44043A4A1E30AEE500074BD1 /* MOBFoundation.framework */,
				44043A4B1E30AEE500074BD1 /* ShareSDK.bundle */,
				44043A4C1E30AEE500074BD1 /* ShareSDKConnector.framework */,
			);
			path = Required;
			sourceTree = "<group>";
		};
		446141D21E5151640053FDF3 /* MobLink */ = {
			isa = PBXGroup;
			children = (
				448884D41E9F588D0006A492 /* MobLink.framework */,
				44CD521A1E822C1B00F478EF /* MOBFoundation.framework */,
			);
			path = MobLink;
			sourceTree = SOURCE_ROOT;
		};
		447FAA0C1E2CF41600EB2D35 /* News */ = {
			isa = PBXGroup;
			children = (
				449E70F11E543CEB0034DB32 /* MLDNewsTableViewController.h */,
				449E70F21E543CEB0034DB32 /* MLDNewsTableViewController.m */,
				449E70F41E543DFA0034DB32 /* MLDNewsTableViewCell.h */,
				449E70F51E543DFA0034DB32 /* MLDNewsTableViewCell.m */,
				449E70F71E543F050034DB32 /* MLDNewsDetailTableViewController.h */,
				449E70F81E543F050034DB32 /* MLDNewsDetailTableViewController.m */,
				449E70FA1E5440410034DB32 /* MLDNewsDetailTableViewCell.h */,
				449E70FB1E5440410034DB32 /* MLDNewsDetailTableViewCell.m */,
			);
			name = News;
			sourceTree = "<group>";
		};
		447FAA0D1E2CF43400EB2D35 /* Shopping */ = {
			isa = PBXGroup;
			children = (
				449E70FD1E5441000034DB32 /* MLDShoppingCollectionViewController.h */,
				449E70FE1E5441000034DB32 /* MLDShoppingCollectionViewController.m */,
				449E71031E5441D40034DB32 /* MLDShoppingCollectionViewCell.h */,
				449E71041E5441D40034DB32 /* MLDShoppingCollectionViewCell.m */,
				449E71061E5443010034DB32 /* MLDShoppingDetailTableViewController.h */,
				449E71071E5443010034DB32 /* MLDShoppingDetailTableViewController.m */,
				449E71091E5443420034DB32 /* MLDShoppingDetailTableViewCell.h */,
				449E710A1E5443420034DB32 /* MLDShoppingDetailTableViewCell.m */,
			);
			name = Shopping;
			sourceTree = "<group>";
		};
		447FAA0E1E2CF44000EB2D35 /* Video */ = {
			isa = PBXGroup;
			children = (
				449E710F1E54452A0034DB32 /* MLDVideoCollectionViewController.h */,
				449E71101E54452A0034DB32 /* MLDVideoCollectionViewController.m */,
				449E710C1E5444C60034DB32 /* MLDVideoCollectionViewCell.h */,
				449E710D1E5444C60034DB32 /* MLDVideoCollectionViewCell.m */,
				449E71121E5446A90034DB32 /* MLDVideoDetailTableViewController.h */,
				449E71131E5446A90034DB32 /* MLDVideoDetailTableViewController.m */,
				449E71151E5446BD0034DB32 /* MLDVideoDetailTableViewCell.h */,
				449E71161E5446BD0034DB32 /* MLDVideoDetailTableViewCell.m */,
			);
			name = Video;
			sourceTree = "<group>";
		};
		449442FF1E25E76C00064C11 = {
			isa = PBXGroup;
			children = (
				4494430A1E25E76C00064C11 /* MobLinkDemo */,
				449443091E25E76C00064C11 /* Products */,
				449443471E262DF900064C11 /* Frameworks */,
			);
			sourceTree = "<group>";
		};
		449443091E25E76C00064C11 /* Products */ = {
			isa = PBXGroup;
			children = (
				449443081E25E76C00064C11 /* MobLinkDemo.app */,
			);
			name = Products;
			sourceTree = "<group>";
		};
		4494430A1E25E76C00064C11 /* MobLinkDemo */ = {
			isa = PBXGroup;
			children = (
				446141D21E5151640053FDF3 /* MobLink */,
				44619E651E2A494700D456FA /* MobLinkDemo.entitlements */,
				4494433E1E260C5B00064C11 /* PrefixHeader.pch */,
				4494430E1E25E76C00064C11 /* AppDelegate.h */,
				4494430F1E25E76C00064C11 /* AppDelegate.m */,
				449E70DC1E54272A0034DB32 /* Main */,
				449443241E25E88700064C11 /* Demo */,
				449443261E25E88700064C11 /* Scene */,
				449443251E25E88700064C11 /* Params */,
				449443311E25EAE100064C11 /* View */,
				449E70DD1E5428000034DB32 /* Utils */,
				449E70E41E542B870034DB32 /* Extension */,
				4494430B1E25E76C00064C11 /* Supporting Files */,
			);
			path = MobLinkDemo;
			sourceTree = "<group>";
		};
		4494430B1E25E76C00064C11 /* Supporting Files */ = {
			isa = PBXGroup;
			children = (
				44043A201E30AEE500074BD1 /* ShareSDK */,
				44D6BF5E1E35ABEA00CCEFB5 /* Files */,
				44D6BF5F1E35ABEA00CCEFB5 /* Images */,
				449443171E25E76C00064C11 /* Assets.xcassets */,
				4494431C1E25E76C00064C11 /* Info.plist */,
				4494430C1E25E76C00064C11 /* main.m */,
			);
			name = "Supporting Files";
			sourceTree = "<group>";
		};
		449443241E25E88700064C11 /* Demo */ = {
			isa = PBXGroup;
			children = (
				449E712C1E54501F0034DB32 /* MLDDemoViewController.h */,
				449E712D1E54501F0034DB32 /* MLDDemoViewController.m */,
				449E712F1E5450BD0034DB32 /* MLDDemoRestoreAViewController.h */,
				449E71301E5450BD0034DB32 /* MLDDemoRestoreAViewController.m */,
				449E71321E5451280034DB32 /* MLDDemoRestoreBViewController.h */,
				449E71331E5451280034DB32 /* MLDDemoRestoreBViewController.m */,
				449E71351E5451680034DB32 /* MLDDemoRestoreCViewController.h */,
				449E71361E5451680034DB32 /* MLDDemoRestoreCViewController.m */,
				449E71381E5451A70034DB32 /* MLDDemoRestoreDViewController.h */,
				449E71391E5451A70034DB32 /* MLDDemoRestoreDViewController.m */,
			);
			path = Demo;
			sourceTree = "<group>";
		};
		449443251E25E88700064C11 /* Params */ = {
			isa = PBXGroup;
			children = (
				449E71181E5449C60034DB32 /* MLDParamsViewController.h */,
				449E71191E5449C60034DB32 /* MLDParamsViewController.m */,
				449E71211E544D890034DB32 /* Ticket */,
				449E71221E544DA50034DB32 /* Invite */,
			);
			path = Params;
			sourceTree = "<group>";
		};
		449443261E25E88700064C11 /* Scene */ = {
			isa = PBXGroup;
			children = (
				449E70EE1E543C670034DB32 /* MLDSceneViewController.h */,
				449E70EF1E543C670034DB32 /* MLDSceneViewController.m */,
				447FAA0C1E2CF41600EB2D35 /* News */,
				447FAA0D1E2CF43400EB2D35 /* Shopping */,
				447FAA0E1E2CF44000EB2D35 /* Video */,
			);
			path = Scene;
			sourceTree = "<group>";
		};
		449443311E25EAE100064C11 /* View */ = {
			isa = PBXGroup;
			children = (
				449443361E25EB0300064C11 /* CustomButton.h */,
				449443371E25EB0300064C11 /* CustomButton.m */,
				44619E5D1E2A087E00D456FA /* RightImageButton.h */,
				44619E5E1E2A087E00D456FA /* RightImageButton.m */,
				449443321E25EAEB00064C11 /* PopList */,
			);
			path = View;
			sourceTree = "<group>";
		};
		449443321E25EAEB00064C11 /* PopList */ = {
			isa = PBXGroup;
			children = (
				449443331E25EAEB00064C11 /* PopListTableViewController.h */,
				449443341E25EAEB00064C11 /* PopListTableViewController.m */,
			);
			path = PopList;
			sourceTree = "<group>";
		};
		449443471E262DF900064C11 /* Frameworks */ = {
			isa = PBXGroup;
			children = (
				44D6C0281E36141700CCEFB5 /* MediaPlayer.framework */,
				44043A641E30BB6900074BD1 /* libsqlite3.tbd */,
				44043A621E30BB5B00074BD1 /* ImageIO.framework */,
				44043A601E30BB5200074BD1 /* JavaScriptCore.framework */,
				449443501E262E1C00064C11 /* SystemConfiguration.framework */,
				4494434E1E262E1200064C11 /* CoreTelephony.framework */,
				4494434C1E262E0B00064C11 /* libstdc++.tbd */,
				4494434A1E262E0300064C11 /* libz.1.2.5.tbd */,
				449443481E262DF900064C11 /* libicucore.tbd */,
			);
			name = Frameworks;
			sourceTree = "<group>";
		};
		449E70DC1E54272A0034DB32 /* Main */ = {
			isa = PBXGroup;
			children = (
				449E70DE1E54284F0034DB32 /* MLDMainViewController.h */,
				449E70DF1E54284F0034DB32 /* MLDMainViewController.m */,
			);
			path = Main;
			sourceTree = "<group>";
		};
		449E70DD1E5428000034DB32 /* Utils */ = {
			isa = PBXGroup;
			children = (
				449E70E11E5429E70034DB32 /* MLDTool.h */,
				449E70E21E5429E70034DB32 /* MLDTool.m */,
				449E70EB1E542E950034DB32 /* MLDAlertView.h */,
				449E70EC1E542E950034DB32 /* MLDAlertView.m */,
			);
			path = Utils;
			sourceTree = "<group>";
		};
		449E70E41E542B870034DB32 /* Extension */ = {
			isa = PBXGroup;
			children = (
				449E70E51E542BB50034DB32 /* UILabel+MLDLabel.h */,
				449E70E61E542BB50034DB32 /* UILabel+MLDLabel.m */,
				449E70E81E542C3D0034DB32 /* UIViewController+MLDBackItemHandler.h */,
				449E70E91E542C3D0034DB32 /* UIViewController+MLDBackItemHandler.m */,
			);
			path = Extension;
			sourceTree = "<group>";
		};
		449E71211E544D890034DB32 /* Ticket */ = {
			isa = PBXGroup;
			children = (
				449E711B1E544BE50034DB32 /* MLDTicketViewController.h */,
				449E711C1E544BE50034DB32 /* MLDTicketViewController.m */,
				449E711E1E544C8C0034DB32 /* MLDTicketDetailTableViewController.h */,
				449E711F1E544C8C0034DB32 /* MLDTicketDetailTableViewController.m */,
				449E71231E544DDA0034DB32 /* MLDTicketDetailTableViewCell.h */,
				449E71241E544DDA0034DB32 /* MLDTicketDetailTableViewCell.m */,
			);
			name = Ticket;
			sourceTree = "<group>";
		};
		449E71221E544DA50034DB32 /* Invite */ = {
			isa = PBXGroup;
			children = (
				449E71261E544EA30034DB32 /* MLDInviteViewController.h */,
				449E71271E544EA30034DB32 /* MLDInviteViewController.m */,
				449E71291E544EFC0034DB32 /* MLDInviteSuccessViewController.h */,
				449E712A1E544EFC0034DB32 /* MLDInviteSuccessViewController.m */,
			);
			name = Invite;
			sourceTree = "<group>";
		};
		44B984AA1E570635006B9437 /* QQSDK */ = {
			isa = PBXGroup;
			children = (
				44B984AB1E570635006B9437 /* TencentOpenAPI.framework */,
				44B984AC1E570635006B9437 /* TencentOpenApi_IOS_Bundle.bundle */,
			);
			path = QQSDK;
			sourceTree = "<group>";
		};
		44D6BF5E1E35ABEA00CCEFB5 /* Files */ = {
			isa = PBXGroup;
			children = (
				44D6BFF11E35BDCA00CCEFB5 /* NewsList.plist */,
				44D6BFF21E35BDCA00CCEFB5 /* NewsRelated.plist */,
				44D6BFF51E35BDDE00CCEFB5 /* Products.plist */,
				44D6BFEB1E35B67100CCEFB5 /* ProductsRelated.plist */,
				44D6BFF71E35BDDE00CCEFB5 /* Videos.plist */,
				44D6BFED1E35B92900CCEFB5 /* VideosRelated.plist */,
				44D6BFF61E35BDDE00CCEFB5 /* Tickets.plist */,
			);
			path = Files;
			sourceTree = "<group>";
		};
		44D6BF5F1E35ABEA00CCEFB5 /* Images */ = {
			isa = PBXGroup;
			children = (
				4424698A1E4C55DE00721E13 /* hongbao_wxtj.png */,
				4424698B1E4C55DE00721E13 /* jipiao_wxtj.png */,
				442469941E4DA8FD00721E13 /* moblink_wxtj.png */,
				44D6BFBE1E35ADFF00CCEFB5 /* Products */,
				44D6BF851E35AC5200CCEFB5 /* Videos */,
				44D6BF601E35AC0B00CCEFB5 /* News */,
			);
			path = Images;
			sourceTree = "<group>";
		};
		44D6BF601E35AC0B00CCEFB5 /* News */ = {
			isa = PBXGroup;
			children = (
				44D6BF611E35AC4200CCEFB5 /* xw01@2x.png */,
				44D6BF621E35AC4200CCEFB5 /* xw01@3x.png */,
				44D6BF631E35AC4200CCEFB5 /* xw02@2x.png */,
				44D6BF641E35AC4200CCEFB5 /* xw02@3x.png */,
				44D6BF651E35AC4200CCEFB5 /* xw03@2x.png */,
				44D6BF661E35AC4200CCEFB5 /* xw03@3x.png */,
				44D6BF671E35AC4200CCEFB5 /* xw04@2x.png */,
				44D6BF681E35AC4200CCEFB5 /* xw04@3x.png */,
				44D6BF691E35AC4200CCEFB5 /* xw05@2x.png */,
				44D6BF6A1E35AC4200CCEFB5 /* xw05@3x.png */,
				44D6BF6B1E35AC4200CCEFB5 /* xw06@2x.png */,
				44D6BF6C1E35AC4200CCEFB5 /* xw06@3x.png */,
				44D6BF6D1E35AC4200CCEFB5 /* xw07@2x.png */,
				44D6BF6E1E35AC4200CCEFB5 /* xw07@3x.png */,
				44D6BF6F1E35AC4200CCEFB5 /* xwxg@2x.png */,
				44D6BF701E35AC4200CCEFB5 /* xwxg@3x.png */,
				44D6BF711E35AC4200CCEFB5 /* xwxg02@2x.png */,
				44D6BF721E35AC4200CCEFB5 /* xwxg02@3x.png */,
				4484AB691E46D2280098E37D /* xwxg03@2x.png */,
				4484AB6A1E46D2280098E37D /* xwxg03@3x.png */,
			);
			name = News;
			sourceTree = "<group>";
		};
		44D6BF851E35AC5200CCEFB5 /* Videos */ = {
			isa = PBXGroup;
			children = (
				4424694E1E4C186000721E13 /* sp01@2x.png */,
				4424694F1E4C186000721E13 /* sp01@3x.png */,
				442469501E4C186000721E13 /* sp02@2x.png */,
				442469511E4C186000721E13 /* sp02@3x.png */,
				442469521E4C186000721E13 /* sp03@2x.png */,
				442469531E4C186000721E13 /* sp03@3x.png */,
				442469541E4C186000721E13 /* sp04@2x.png */,
				442469551E4C186000721E13 /* sp04@3x.png */,
				442469561E4C186000721E13 /* sp05@2x.png */,
				442469571E4C186000721E13 /* sp05@3x.png */,
				442469581E4C186000721E13 /* sp06@2x.png */,
				442469591E4C186000721E13 /* sp06@3x.png */,
				4424695A1E4C186000721E13 /* sp07@2x.png */,
				4424695B1E4C186000721E13 /* sp07@3x.png */,
				4424695C1E4C186000721E13 /* sp08@2x.png */,
				4424695D1E4C186000721E13 /* sp08@3x.png */,
				4424695E1E4C186000721E13 /* sp09@2x.png */,
				4424695F1E4C186000721E13 /* sp09@3x.png */,
				442469761E4C18DD00721E13 /* spxg01@2x.png */,
				442469771E4C18DD00721E13 /* spxg01@3x.png */,
				44D6BF9A1E35AC7100CCEFB5 /* spxg02@2x.png */,
				44D6BF9B1E35AC7100CCEFB5 /* spxg02@3x.png */,
				4424697A1E4C190D00721E13 /* spxg03@2x.png */,
				4424697B1E4C190D00721E13 /* spxg03@3x.png */,
				4424697E1E4C191400721E13 /* spxg04@2x.png */,
				4424697F1E4C191400721E13 /* spxg04@3x.png */,
			);
			name = Videos;
			sourceTree = "<group>";
		};
		44D6BFBE1E35ADFF00CCEFB5 /* Products */ = {
			isa = PBXGroup;
			children = (
				44D6BFBF1E35AE1700CCEFB5 /* ds01@2x.png */,
				44D6BFC01E35AE1700CCEFB5 /* ds01@3x.png */,
				44D6BFC11E35AE1700CCEFB5 /* ds02@2x.png */,
				44D6BFC21E35AE1700CCEFB5 /* ds02@3x.png */,
				44D6BFC31E35AE1700CCEFB5 /* ds03@2x.png */,
				44D6BFC41E35AE1700CCEFB5 /* ds03@3x.png */,
				44D6BFC51E35AE1700CCEFB5 /* ds04@2x.png */,
				44D6BFC61E35AE1700CCEFB5 /* ds04@3x.png */,
				44D6BFC71E35AE1700CCEFB5 /* ds05@2x.png */,
				44D6BFC81E35AE1700CCEFB5 /* ds05@3x.png */,
				44D6BFC91E35AE1700CCEFB5 /* ds06@2x.png */,
				44D6BFCA1E35AE1700CCEFB5 /* ds06@3x.png */,
				44D6BFCB1E35AE1700CCEFB5 /* ds07@2x.png */,
				44D6BFCC1E35AE1700CCEFB5 /* ds07@3x.png */,
				44D6BFCD1E35AE1700CCEFB5 /* ds08@2x.png */,
				44D6BFCE1E35AE1700CCEFB5 /* ds08@3x.png */,
				44D6BFCF1E35AE1700CCEFB5 /* ds09@2x.png */,
				44D6BFD01E35AE1700CCEFB5 /* ds09@3x.png */,
				44D6BFD11E35AE1700CCEFB5 /* dsxg01@2x.png */,
				44D6BFD21E35AE1700CCEFB5 /* dsxg01@3x.png */,
				442469821E4C214700721E13 /* dsxg02@2x.png */,
				442469831E4C214700721E13 /* dsxg02@3x.png */,
				442469841E4C214700721E13 /* dsxg03@2x.png */,
				442469851E4C214700721E13 /* dsxg03@3x.png */,
			);
			name = Products;
			sourceTree = "<group>";
		};
/* End PBXGroup section */

/* Begin PBXNativeTarget section */
		449443071E25E76C00064C11 /* MobLinkDemo */ = {
			isa = PBXNativeTarget;
			buildConfigurationList = 4494431F1E25E76C00064C11 /* Build configuration list for PBXNativeTarget "MobLinkDemo" */;
			buildPhases = (
				449443041E25E76C00064C11 /* Sources */,
				449443051E25E76C00064C11 /* Frameworks */,
				449443061E25E76C00064C11 /* Resources */,
			);
			buildRules = (
			);
			dependencies = (
			);
			name = MobLinkDemo;
			productName = MobLinkDemo;
			productReference = 449443081E25E76C00064C11 /* MobLinkDemo.app */;
			productType = "com.apple.product-type.application";
		};
/* End PBXNativeTarget section */

/* Begin PBXProject section */
		449443001E25E76C00064C11 /* Project object */ = {
			isa = PBXProject;
			attributes = {
				CLASSPREFIX = MLD;
				LastUpgradeCheck = 0820;
				ORGANIZATIONNAME = mob;
				TargetAttributes = {
					449443071E25E76C00064C11 = {
						CreatedOnToolsVersion = 8.2.1;
						DevelopmentTeam = LW5266U92D;
						ProvisioningStyle = Manual;
						SystemCapabilities = {
							com.apple.SafariKeychain = {
								enabled = 1;
							};
						};
					};
				};
			};
			buildConfigurationList = 449443031E25E76C00064C11 /* Build configuration list for PBXProject "MobLinkDemo" */;
			compatibilityVersion = "Xcode 3.2";
			developmentRegion = English;
			hasScannedForEncodings = 0;
			knownRegions = (
				en,
				Base,
			);
			mainGroup = 449442FF1E25E76C00064C11;
			productRefGroup = 449443091E25E76C00064C11 /* Products */;
			projectDirPath = "";
			projectRoot = "";
			targets = (
				449443071E25E76C00064C11 /* MobLinkDemo */,
			);
		};
/* End PBXProject section */

/* Begin PBXResourcesBuildPhase section */
		449443061E25E76C00064C11 /* Resources */ = {
			isa = PBXResourcesBuildPhase;
			buildActionMask = 2147483647;
			files = (
				44D6BF7B1E35AC4200CCEFB5 /* xw05@2x.png in Resources */,
				4424696D1E4C186000721E13 /* sp07@3x.png in Resources */,
				442469691E4C186000721E13 /* sp05@3x.png in Resources */,
				44D6BFD91E35AE1700CCEFB5 /* ds03@2x.png in Resources */,
				442469681E4C186000721E13 /* sp05@2x.png in Resources */,
				44D6BFF31E35BDCA00CCEFB5 /* NewsList.plist in Resources */,
				44043A5A1E30AEE600074BD1 /* README.txt in Resources */,
				44D6BFDE1E35AE1700CCEFB5 /* ds05@3x.png in Resources */,
				44D6BF781E35AC4200CCEFB5 /* xw03@3x.png in Resources */,
				44D6BFDA1E35AE1700CCEFB5 /* ds03@3x.png in Resources */,
				442469871E4C214700721E13 /* dsxg02@3x.png in Resources */,
				44D6BFD51E35AE1700CCEFB5 /* ds01@2x.png in Resources */,
				44D6BFE01E35AE1700CCEFB5 /* ds06@3x.png in Resources */,
				44D6BFE21E35AE1700CCEFB5 /* ds07@3x.png in Resources */,
				442469791E4C18DD00721E13 /* spxg01@3x.png in Resources */,
				44D6BF821E35AC4200CCEFB5 /* xwxg@3x.png in Resources */,
				442469861E4C214700721E13 /* dsxg02@2x.png in Resources */,
				44D6BF7E1E35AC4200CCEFB5 /* xw06@3x.png in Resources */,
				44D6BFDB1E35AE1700CCEFB5 /* ds04@2x.png in Resources */,
				44D6BFFA1E35BDDE00CCEFB5 /* Videos.plist in Resources */,
				44043A5C1E30AEE600074BD1 /* ShareSDK.bundle in Resources */,
				44043A4F1E30AEE600074BD1 /* ShareSDKUI.bundle in Resources */,
				44D6BF771E35AC4200CCEFB5 /* xw03@2x.png in Resources */,
				44D6BFE71E35AE1700CCEFB5 /* dsxg01@2x.png in Resources */,
				4424696E1E4C186000721E13 /* sp08@2x.png in Resources */,
				4484AB6B1E46D2280098E37D /* xwxg03@2x.png in Resources */,
				44D6BFF81E35BDDE00CCEFB5 /* Products.plist in Resources */,
				44D6BF761E35AC4200CCEFB5 /* xw02@3x.png in Resources */,
				44D6BFB71E35AC7100CCEFB5 /* spxg02@3x.png in Resources */,
				44D6BFE11E35AE1700CCEFB5 /* ds07@2x.png in Resources */,
				44D6BFE61E35AE1700CCEFB5 /* ds09@3x.png in Resources */,
				44043A591E30AEE600074BD1 /* read_me.txt in Resources */,
				44D6BFEC1E35B67100CCEFB5 /* ProductsRelated.plist in Resources */,
				44D6BF7C1E35AC4200CCEFB5 /* xw05@3x.png in Resources */,
				44D6BF801E35AC4200CCEFB5 /* xw07@3x.png in Resources */,
				4424696A1E4C186000721E13 /* sp06@2x.png in Resources */,
				442469881E4C214700721E13 /* dsxg03@2x.png in Resources */,
				44D6BFD81E35AE1700CCEFB5 /* ds02@3x.png in Resources */,
				44D6BFE41E35AE1700CCEFB5 /* ds08@3x.png in Resources */,
				442469711E4C186000721E13 /* sp09@3x.png in Resources */,
				44D6BFD71E35AE1700CCEFB5 /* ds02@2x.png in Resources */,
				442469701E4C186000721E13 /* sp09@2x.png in Resources */,
				442469951E4DA8FD00721E13 /* moblink_wxtj.png in Resources */,
				44D6BF741E35AC4200CCEFB5 /* xw01@3x.png in Resources */,
				44D6BF7F1E35AC4200CCEFB5 /* xw07@2x.png in Resources */,
				44B984AE1E570635006B9437 /* TencentOpenApi_IOS_Bundle.bundle in Resources */,
				44043A571E30AEE600074BD1 /* WeiboSDK.bundle in Resources */,
				4424696C1E4C186000721E13 /* sp07@2x.png in Resources */,
				44D6BF751E35AC4200CCEFB5 /* xw02@2x.png in Resources */,
				44D6BF811E35AC4200CCEFB5 /* xwxg@2x.png in Resources */,
				44D6BFE51E35AE1700CCEFB5 /* ds09@2x.png in Resources */,
				442469671E4C186000721E13 /* sp04@3x.png in Resources */,
				44D6BF731E35AC4200CCEFB5 /* xw01@2x.png in Resources */,
				4424696F1E4C186000721E13 /* sp08@3x.png in Resources */,
				442469891E4C214700721E13 /* dsxg03@3x.png in Resources */,
				4424697C1E4C190D00721E13 /* spxg03@2x.png in Resources */,
				44D6BFEE1E35B92900CCEFB5 /* VideosRelated.plist in Resources */,
				442469661E4C186000721E13 /* sp04@2x.png in Resources */,
				44D6BF7D1E35AC4200CCEFB5 /* xw06@2x.png in Resources */,
				44D6BFE81E35AE1700CCEFB5 /* dsxg01@3x.png in Resources */,
				44D6BFDF1E35AE1700CCEFB5 /* ds06@2x.png in Resources */,
				4424696B1E4C186000721E13 /* sp06@3x.png in Resources */,
				442469601E4C186000721E13 /* sp01@2x.png in Resources */,
				442469631E4C186000721E13 /* sp02@3x.png in Resources */,
				442469811E4C191400721E13 /* spxg04@3x.png in Resources */,
				4424697D1E4C190D00721E13 /* spxg03@3x.png in Resources */,
				442469621E4C186000721E13 /* sp02@2x.png in Resources */,
				44D6BFF91E35BDDE00CCEFB5 /* Tickets.plist in Resources */,
				44D6BFDC1E35AE1700CCEFB5 /* ds04@3x.png in Resources */,
				44D6BF831E35AC4200CCEFB5 /* xwxg02@2x.png in Resources */,
				442469781E4C18DD00721E13 /* spxg01@2x.png in Resources */,
				4484AB6C1E46D2280098E37D /* xwxg03@3x.png in Resources */,
				442469801E4C191400721E13 /* spxg04@2x.png in Resources */,
				44D6BFF41E35BDCA00CCEFB5 /* NewsRelated.plist in Resources */,
				44D6BF841E35AC4200CCEFB5 /* xwxg02@3x.png in Resources */,
				44D6BF791E35AC4200CCEFB5 /* xw04@2x.png in Resources */,
				442469611E4C186000721E13 /* sp01@3x.png in Resources */,
				442469641E4C186000721E13 /* sp03@2x.png in Resources */,
				44D6BF7A1E35AC4200CCEFB5 /* xw04@3x.png in Resources */,
				449443181E25E76C00064C11 /* Assets.xcassets in Resources */,
				44D6BFE31E35AE1700CCEFB5 /* ds08@2x.png in Resources */,
				4424698E1E4C55DE00721E13 /* jipiao_wxtj.png in Resources */,
				44D6BFB61E35AC7100CCEFB5 /* spxg02@2x.png in Resources */,
				44D6BFD61E35AE1700CCEFB5 /* ds01@3x.png in Resources */,
				44D6BFDD1E35AE1700CCEFB5 /* ds05@2x.png in Resources */,
				442469651E4C186000721E13 /* sp03@3x.png in Resources */,
				4424698D1E4C55DE00721E13 /* hongbao_wxtj.png in Resources */,
			);
			runOnlyForDeploymentPostprocessing = 0;
		};
/* End PBXResourcesBuildPhase section */

/* Begin PBXSourcesBuildPhase section */
		449443041E25E76C00064C11 /* Sources */ = {
			isa = PBXSourcesBuildPhase;
			buildActionMask = 2147483647;
			files = (
				449E70FF1E5441000034DB32 /* MLDShoppingCollectionViewController.m in Sources */,
				449E71281E544EA30034DB32 /* MLDInviteViewController.m in Sources */,
				449E70F01E543C670034DB32 /* MLDSceneViewController.m in Sources */,
				449E71251E544DDA0034DB32 /* MLDTicketDetailTableViewCell.m in Sources */,
				449E70ED1E542E950034DB32 /* MLDAlertView.m in Sources */,
				449E71311E5450BD0034DB32 /* MLDDemoRestoreAViewController.m in Sources */,
				449E70F31E543CEB0034DB32 /* MLDNewsTableViewController.m in Sources */,
				449E71341E5451280034DB32 /* MLDDemoRestoreBViewController.m in Sources */,
				449E711A1E5449C60034DB32 /* MLDParamsViewController.m in Sources */,
				449E71171E5446BD0034DB32 /* MLDVideoDetailTableViewCell.m in Sources */,
				449E712E1E54501F0034DB32 /* MLDDemoViewController.m in Sources */,
				449E71141E5446A90034DB32 /* MLDVideoDetailTableViewController.m in Sources */,
				449E71111E54452A0034DB32 /* MLDVideoCollectionViewController.m in Sources */,
				449E70F61E543DFA0034DB32 /* MLDNewsTableViewCell.m in Sources */,
				449443381E25EB0300064C11 /* CustomButton.m in Sources */,
				449E713A1E5451A70034DB32 /* MLDDemoRestoreDViewController.m in Sources */,
				449E710B1E5443420034DB32 /* MLDShoppingDetailTableViewCell.m in Sources */,
				449E70E71E542BB50034DB32 /* UILabel+MLDLabel.m in Sources */,
				449E711D1E544BE50034DB32 /* MLDTicketViewController.m in Sources */,
				449E70FC1E5440410034DB32 /* MLDNewsDetailTableViewCell.m in Sources */,
				44619E5F1E2A087E00D456FA /* RightImageButton.m in Sources */,
				449E70EA1E542C3D0034DB32 /* UIViewController+MLDBackItemHandler.m in Sources */,
				449E70E31E5429E70034DB32 /* MLDTool.m in Sources */,
				449443351E25EAEB00064C11 /* PopListTableViewController.m in Sources */,
				449443101E25E76C00064C11 /* AppDelegate.m in Sources */,
				449E70F91E543F050034DB32 /* MLDNewsDetailTableViewController.m in Sources */,
				449E710E1E5444C60034DB32 /* MLDVideoCollectionViewCell.m in Sources */,
				449E70E01E54284F0034DB32 /* MLDMainViewController.m in Sources */,
				449E71371E5451680034DB32 /* MLDDemoRestoreCViewController.m in Sources */,
				4494430D1E25E76C00064C11 /* main.m in Sources */,
				449E71201E544C8C0034DB32 /* MLDTicketDetailTableViewController.m in Sources */,
				449E71081E5443010034DB32 /* MLDShoppingDetailTableViewController.m in Sources */,
				449E712B1E544EFC0034DB32 /* MLDInviteSuccessViewController.m in Sources */,
				449E71051E5441D40034DB32 /* MLDShoppingCollectionViewCell.m in Sources */,
			);
			runOnlyForDeploymentPostprocessing = 0;
		};
/* End PBXSourcesBuildPhase section */

/* Begin XCBuildConfiguration section */
		4494431D1E25E76C00064C11 /* Debug */ = {
			isa = XCBuildConfiguration;
			buildSettings = {
				ALWAYS_SEARCH_USER_PATHS = NO;
				CLANG_ANALYZER_NONNULL = YES;
				CLANG_CXX_LANGUAGE_STANDARD = "gnu++0x";
				CLANG_CXX_LIBRARY = "libc++";
				CLANG_ENABLE_MODULES = YES;
				CLANG_ENABLE_OBJC_ARC = YES;
				CLANG_WARN_BOOL_CONVERSION = YES;
				CLANG_WARN_CONSTANT_CONVERSION = YES;
				CLANG_WARN_DIRECT_OBJC_ISA_USAGE = YES_ERROR;
				CLANG_WARN_DOCUMENTATION_COMMENTS = YES;
				CLANG_WARN_EMPTY_BODY = YES;
				CLANG_WARN_ENUM_CONVERSION = YES;
				CLANG_WARN_INFINITE_RECURSION = YES;
				CLANG_WARN_INT_CONVERSION = YES;
				CLANG_WARN_OBJC_ROOT_CLASS = YES_ERROR;
				CLANG_WARN_SUSPICIOUS_MOVE = YES;
				CLANG_WARN_UNREACHABLE_CODE = YES;
				CLANG_WARN__DUPLICATE_METHOD_MATCH = YES;
				"CODE_SIGN_IDENTITY[sdk=iphoneos*]" = "iPhone Developer";
				COPY_PHASE_STRIP = NO;
				DEBUG_INFORMATION_FORMAT = dwarf;
				ENABLE_STRICT_OBJC_MSGSEND = YES;
				ENABLE_TESTABILITY = YES;
				GCC_C_LANGUAGE_STANDARD = gnu99;
				GCC_DYNAMIC_NO_PIC = NO;
				GCC_NO_COMMON_BLOCKS = YES;
				GCC_OPTIMIZATION_LEVEL = 0;
				GCC_PREPROCESSOR_DEFINITIONS = (
					"DEBUG=1",
					"$(inherited)",
				);
				GCC_WARN_64_TO_32_BIT_CONVERSION = YES;
				GCC_WARN_ABOUT_RETURN_TYPE = YES_ERROR;
				GCC_WARN_UNDECLARED_SELECTOR = YES;
				GCC_WARN_UNINITIALIZED_AUTOS = YES_AGGRESSIVE;
				GCC_WARN_UNUSED_FUNCTION = YES;
				GCC_WARN_UNUSED_VARIABLE = YES;
				IPHONEOS_DEPLOYMENT_TARGET = 10.2;
				MTL_ENABLE_DEBUG_INFO = YES;
				ONLY_ACTIVE_ARCH = YES;
				SDKROOT = iphoneos;
				TARGETED_DEVICE_FAMILY = "1,2";
			};
			name = Debug;
		};
		4494431E1E25E76C00064C11 /* Release */ = {
			isa = XCBuildConfiguration;
			buildSettings = {
				ALWAYS_SEARCH_USER_PATHS = NO;
				CLANG_ANALYZER_NONNULL = YES;
				CLANG_CXX_LANGUAGE_STANDARD = "gnu++0x";
				CLANG_CXX_LIBRARY = "libc++";
				CLANG_ENABLE_MODULES = YES;
				CLANG_ENABLE_OBJC_ARC = YES;
				CLANG_WARN_BOOL_CONVERSION = YES;
				CLANG_WARN_CONSTANT_CONVERSION = YES;
				CLANG_WARN_DIRECT_OBJC_ISA_USAGE = YES_ERROR;
				CLANG_WARN_DOCUMENTATION_COMMENTS = YES;
				CLANG_WARN_EMPTY_BODY = YES;
				CLANG_WARN_ENUM_CONVERSION = YES;
				CLANG_WARN_INFINITE_RECURSION = YES;
				CLANG_WARN_INT_CONVERSION = YES;
				CLANG_WARN_OBJC_ROOT_CLASS = YES_ERROR;
				CLANG_WARN_SUSPICIOUS_MOVE = YES;
				CLANG_WARN_UNREACHABLE_CODE = YES;
				CLANG_WARN__DUPLICATE_METHOD_MATCH = YES;
				"CODE_SIGN_IDENTITY[sdk=iphoneos*]" = "iPhone Developer";
				COPY_PHASE_STRIP = NO;
				DEBUG_INFORMATION_FORMAT = "dwarf-with-dsym";
				ENABLE_NS_ASSERTIONS = NO;
				ENABLE_STRICT_OBJC_MSGSEND = YES;
				GCC_C_LANGUAGE_STANDARD = gnu99;
				GCC_NO_COMMON_BLOCKS = YES;
				GCC_WARN_64_TO_32_BIT_CONVERSION = YES;
				GCC_WARN_ABOUT_RETURN_TYPE = YES_ERROR;
				GCC_WARN_UNDECLARED_SELECTOR = YES;
				GCC_WARN_UNINITIALIZED_AUTOS = YES_AGGRESSIVE;
				GCC_WARN_UNUSED_FUNCTION = YES;
				GCC_WARN_UNUSED_VARIABLE = YES;
				IPHONEOS_DEPLOYMENT_TARGET = 10.2;
				MTL_ENABLE_DEBUG_INFO = NO;
				SDKROOT = iphoneos;
				TARGETED_DEVICE_FAMILY = "1,2";
				VALIDATE_PRODUCT = YES;
			};
			name = Release;
		};
		449443201E25E76C00064C11 /* Debug */ = {
			isa = XCBuildConfiguration;
			buildSettings = {
				ASSETCATALOG_COMPILER_APPICON_NAME = AppIcon;
				CODE_SIGN_ENTITLEMENTS = MobLinkDemo/MobLinkDemo.entitlements;
				CODE_SIGN_IDENTITY = "iPhone Distribution: Guangzhou ZhangTao Network Technology Co., Ltd.";
				DEVELOPMENT_TEAM = LW5266U92D;
				ENABLE_BITCODE = NO;
				FRAMEWORK_SEARCH_PATHS = (
					"$(inherited)",
					"$(PROJECT_DIR)/MobLinkDemo",
					"$(PROJECT_DIR)/MobLinkDemo/ShareSDK",
					"$(PROJECT_DIR)/MobLinkDemo/ShareSDK/Support/Optional",
					"$(PROJECT_DIR)/MobLinkDemo/ShareSDK/Support/PlatformConnector",
					"$(PROJECT_DIR)/MobLinkDemo/ShareSDK/Support/PlatformSDK/QQSDK",
					"$(PROJECT_DIR)/MobLinkDemo/ShareSDK/Support/Required",
					"$(PROJECT_DIR)/MobLink",
				);
				GCC_PREFIX_HEADER = "$(SRCROOT)/MobLinkDemo/PrefixHeader.pch";
				INFOPLIST_FILE = MobLinkDemo/Info.plist;
				IPHONEOS_DEPLOYMENT_TARGET = 7.0;
				LD_RUNPATH_SEARCH_PATHS = "$(inherited) @executable_path/Frameworks";
				LIBRARY_SEARCH_PATHS = (
					"$(inherited)",
					"$(PROJECT_DIR)/MobLinkDemo/ShareSDK/Support/PlatformSDK/SinaWeiboSDK",
					"$(PROJECT_DIR)/MobLinkDemo/ShareSDK/Support/PlatformSDK/WeChatSDK",
				);
				OTHER_LDFLAGS = "-ObjC";
				PRODUCT_BUNDLE_IDENTIFIER = com.mob.product.MobLink;
				PRODUCT_NAME = "$(TARGET_NAME)";
				PROVISIONING_PROFILE = "1d2eb2e2-d432-4ea4-9ad7-fec03a931e1e";
				PROVISIONING_PROFILE_SPECIFIER = MobLink;
			};
			name = Debug;
		};
		449443211E25E76C00064C11 /* Release */ = {
			isa = XCBuildConfiguration;
			buildSettings = {
				ASSETCATALOG_COMPILER_APPICON_NAME = AppIcon;
				CODE_SIGN_ENTITLEMENTS = MobLinkDemo/MobLinkDemo.entitlements;
				CODE_SIGN_IDENTITY = "iPhone Distribution: Guangzhou ZhangTao Network Technology Co., Ltd.";
				DEVELOPMENT_TEAM = LW5266U92D;
				ENABLE_BITCODE = NO;
				FRAMEWORK_SEARCH_PATHS = (
					"$(inherited)",
					"$(PROJECT_DIR)/MobLinkDemo",
					"$(PROJECT_DIR)/MobLinkDemo/ShareSDK",
					"$(PROJECT_DIR)/MobLinkDemo/ShareSDK/Support/Optional",
					"$(PROJECT_DIR)/MobLinkDemo/ShareSDK/Support/PlatformConnector",
					"$(PROJECT_DIR)/MobLinkDemo/ShareSDK/Support/PlatformSDK/QQSDK",
					"$(PROJECT_DIR)/MobLinkDemo/ShareSDK/Support/Required",
					"$(PROJECT_DIR)/MobLink",
				);
				GCC_PREFIX_HEADER = "$(SRCROOT)/MobLinkDemo/PrefixHeader.pch";
				INFOPLIST_FILE = MobLinkDemo/Info.plist;
				IPHONEOS_DEPLOYMENT_TARGET = 7.0;
				LD_RUNPATH_SEARCH_PATHS = "$(inherited) @executable_path/Frameworks";
				LIBRARY_SEARCH_PATHS = (
					"$(inherited)",
					"$(PROJECT_DIR)/MobLinkDemo/ShareSDK/Support/PlatformSDK/SinaWeiboSDK",
					"$(PROJECT_DIR)/MobLinkDemo/ShareSDK/Support/PlatformSDK/WeChatSDK",
				);
				OTHER_LDFLAGS = "-ObjC";
				PRODUCT_BUNDLE_IDENTIFIER = com.mob.product.MobLink;
				PRODUCT_NAME = "$(TARGET_NAME)";
				PROVISIONING_PROFILE = "1d2eb2e2-d432-4ea4-9ad7-fec03a931e1e";
				PROVISIONING_PROFILE_SPECIFIER = MobLink;
			};
			name = Release;
		};
/* End XCBuildConfiguration section */

/* Begin XCConfigurationList section */
		449443031E25E76C00064C11 /* Build configuration list for PBXProject "MobLinkDemo" */ = {
			isa = XCConfigurationList;
			buildConfigurations = (
				4494431D1E25E76C00064C11 /* Debug */,
				4494431E1E25E76C00064C11 /* Release */,
			);
			defaultConfigurationIsVisible = 0;
			defaultConfigurationName = Release;
		};
		4494431F1E25E76C00064C11 /* Build configuration list for PBXNativeTarget "MobLinkDemo" */ = {
			isa = XCConfigurationList;
			buildConfigurations = (
				449443201E25E76C00064C11 /* Debug */,
				449443211E25E76C00064C11 /* Release */,
			);
			defaultConfigurationIsVisible = 0;
			defaultConfigurationName = Release;
		};
/* End XCConfigurationList section */
	};
	rootObject = 449443001E25E76C00064C11 /* Project object */;
}
